PODS:
  - IQKeyboardManager (3.2.0.3)
  - Masonry (1.1.0)
  - MBProgressHUD (0.9.2)
  - MKNetworkKit (0.87):
    - Reachability (~> 3.1.0)
  - OcticonsIOS (0.0.2)
  - Reachability (3.1.1)
  - SDWebImage (3.7.6):
    - SDWebImage/Core (= 3.7.6)
  - SDWebImage/Core (3.7.6)
  - SSKeychain (1.2.3)
  - YYKit (1.0.9):
    - YYKit/no-arc (= 1.0.9)
  - YYKit/no-arc (1.0.9)

DEPENDENCIES:
  - IQKeyboardManager (= 3.2.0.3)
  - Masonry (~> 1.1.0)
  - MBProgressHUD (= 0.9.2)
  - MKNetworkKit (= 0.87)
  - OcticonsIOS (from `https://github.com/jacksonh/OcticonsIOS.git`, commit `4bd3b21`)
  - SDWebImage (= 3.7.6)
  - SSKeychain (= 1.2.3)
  - YYKit (~> 1.0.9)

SPEC REPOS:
  https://github.com/cocoapods/specs.git:
    - IQKeyboardManager
    - Masonry
    - MBProgressHUD
    - MKNetworkKit
    - Reachability
    - SDWebImage
    - SSKeychain
    - YYKit

EXTERNAL SOURCES:
  OcticonsIOS:
    :commit: 4bd3b21
    :git: https://github.com/jacksonh/OcticonsIOS.git

CHECKOUT OPTIONS:
  OcticonsIOS:
    :commit: 4bd3b21
    :git: https://github.com/jacksonh/OcticonsIOS.git

SPEC CHECKSUMS:
  IQKeyboardManager: 7b071d1284b47b1c0c19891a042c2c65f118fa85
  Masonry: 678fab65091a9290e40e2832a55e7ab731aad201
  MBProgressHUD: 1569cf7ace17a8bac47aabfbb8580a49690386d1
  MKNetworkKit: 60ad3c83b62183e40ba75ce772c9427c25b520de
  OcticonsIOS: e21204b48b0d83f7740008abed42f8b1573b3ffc
  Reachability: dd9aa4fb6667b9f787690a74f53cb7634ce99893
  SDWebImage: c325cf02c30337336b95beff20a13df489ec0ec9
  SSKeychain: 3f42991739c6c60a9cf1bbd4dff6c0d3694bcf3d
  YYKit: 7cda43304a8dc3696c449041e2cb3107b4e236e7

PODFILE CHECKSUM: c77b8e264d189875da4a3498a1d0c311691c77be

COCOAPODS: 1.6.0.beta.2
