// !$*UTF8*$!
{
	archiveVersion = 1;
	classes = {
	};
	objectVersion = 50;
	objects = {

/* Begin PBXBuildFile section */
		2103EF2521992BC00028BC07 /* MRCLDoubleTitleView.m in Sources */ = {isa = PBXBuildFile; fileRef = 2103EF2421992BC00028BC07 /* MRCLDoubleTitleView.m */; };
		2103EF34219951260028BC07 /* LICENSE in Resources */ = {isa = PBXBuildFile; fileRef = 2103EF28219951250028BC07 /* LICENSE */; };
		2103EF35219951260028BC07 /* TWMessageBarManager.m in Sources */ = {isa = PBXBuildFile; fileRef = 2103EF2A219951250028BC07 /* TWMessageBarManager.m */; };
		2103EF36219951260028BC07 /* icon-info@2x.png in Resources */ = {isa = PBXBuildFile; fileRef = 2103EF2C219951250028BC07 /* icon-info@2x.png */; };
		2103EF37219951260028BC07 /* icon-error.png in Resources */ = {isa = PBXBuildFile; fileRef = 2103EF2D219951250028BC07 /* icon-error.png */; };
		2103EF38219951260028BC07 /* icon-info.png in Resources */ = {isa = PBXBuildFile; fileRef = 2103EF2E219951250028BC07 /* icon-info.png */; };
		2103EF39219951260028BC07 /* icon-success@2x.png in Resources */ = {isa = PBXBuildFile; fileRef = 2103EF2F219951250028BC07 /* icon-success@2x.png */; };
		2103EF3A219951260028BC07 /* icon-error@2x.png in Resources */ = {isa = PBXBuildFile; fileRef = 2103EF30219951250028BC07 /* icon-error@2x.png */; };
		2103EF3B219951260028BC07 /* icon-success.png in Resources */ = {isa = PBXBuildFile; fileRef = 2103EF31219951250028BC07 /* icon-success.png */; };
		2103EF3C219951260028BC07 /* README.md in Resources */ = {isa = PBXBuildFile; fileRef = 2103EF33219951250028BC07 /* README.md */; };
		2112A25321AE7F3A00A2AB3B /* MRCLMemoryCache.m in Sources */ = {isa = PBXBuildFile; fileRef = 2112A25221AE7F3900A2AB3B /* MRCLMemoryCache.m */; };
		2112A26221AE828D00A2AB3B /* MRCUtil.m in Sources */ = {isa = PBXBuildFile; fileRef = 2112A26121AE828D00A2AB3B /* MRCUtil.m */; };
		2112A26521AE830E00A2AB3B /* OCTUser+MRCPersistence.m in Sources */ = {isa = PBXBuildFile; fileRef = 2112A26421AE830E00A2AB3B /* OCTUser+MRCPersistence.m */; };
		2112A26921AE88EA00A2AB3B /* FMDatabaseQueue+MRCHelper.m in Sources */ = {isa = PBXBuildFile; fileRef = 2112A26721AE88EA00A2AB3B /* FMDatabaseQueue+MRCHelper.m */; };
		2112A27F21AE91A200A2AB3B /* update_v1_1_0.sql in Resources */ = {isa = PBXBuildFile; fileRef = 2112A27C21AE91A100A2AB3B /* update_v1_1_0.sql */; };
		2112A28021AE91A200A2AB3B /* update_v1_2_0.sql in Resources */ = {isa = PBXBuildFile; fileRef = 2112A27D21AE91A200A2AB3B /* update_v1_2_0.sql */; };
		2112A28121AE91A200A2AB3B /* update_v1_0_1.sql in Resources */ = {isa = PBXBuildFile; fileRef = 2112A27E21AE91A200A2AB3B /* update_v1_0_1.sql */; };
		212BAEC821A438A400845206 /* MRCLTabBarViewModel.m in Sources */ = {isa = PBXBuildFile; fileRef = 212BAEC721A438A400845206 /* MRCLTabBarViewModel.m */; };
		212BAED721A438F600845206 /* MRCLHomepageViewModel.m in Sources */ = {isa = PBXBuildFile; fileRef = 212BAED621A438F600845206 /* MRCLHomepageViewModel.m */; };
		212BAEDA21A439E700845206 /* MRCLHomepageViewController.m in Sources */ = {isa = PBXBuildFile; fileRef = 212BAED921A439E700845206 /* MRCLHomepageViewController.m */; };
		212BAEDD21A4FE5200845206 /* MRCLNewsViewModel.m in Sources */ = {isa = PBXBuildFile; fileRef = 212BAEDC21A4FE5200845206 /* MRCLNewsViewModel.m */; };
		212BAEE021A4FF5A00845206 /* MRCLReposViewModel.m in Sources */ = {isa = PBXBuildFile; fileRef = 212BAEDF21A4FF5A00845206 /* MRCLReposViewModel.m */; };
		212BAEE321A4FF7B00845206 /* MRCLExploreViewModel.m in Sources */ = {isa = PBXBuildFile; fileRef = 212BAEE221A4FF7B00845206 /* MRCLExploreViewModel.m */; };
		212BAEE621A500C200845206 /* MRCLProfileViewModel.m in Sources */ = {isa = PBXBuildFile; fileRef = 212BAEE521A500C200845206 /* MRCLProfileViewModel.m */; };
		212BAEE921A5092300845206 /* MRCLTableViewController.m in Sources */ = {isa = PBXBuildFile; fileRef = 212BAEE821A5092300845206 /* MRCLTableViewController.m */; };
		212BAEEC21A5095300845206 /* MRCLNewsViewController.m in Sources */ = {isa = PBXBuildFile; fileRef = 212BAEEB21A5095300845206 /* MRCLNewsViewController.m */; };
		212BAEEF21A509B500845206 /* MRCLSegmentedControlController.m in Sources */ = {isa = PBXBuildFile; fileRef = 212BAEEE21A509B500845206 /* MRCLSegmentedControlController.m */; };
		212BAEF221A50A9D00845206 /* MRCLReposViewController.m in Sources */ = {isa = PBXBuildFile; fileRef = 212BAEF121A50A9D00845206 /* MRCLReposViewController.m */; };
		212BAEF521A50B3C00845206 /* MRCLExploreViewController.m in Sources */ = {isa = PBXBuildFile; fileRef = 212BAEF421A50B3C00845206 /* MRCLExploreViewController.m */; };
		212BAEF821A50B9000845206 /* MRCLProfileViewController.m in Sources */ = {isa = PBXBuildFile; fileRef = 212BAEF721A50B9000845206 /* MRCLProfileViewController.m */; };
		2144002F21BE0E0C00CBEBD7 /* MRCLUserListCell.m in Sources */ = {isa = PBXBuildFile; fileRef = 2144002D21BE0E0C00CBEBD7 /* MRCLUserListCell.m */; };
		2144003021BE0E0C00CBEBD7 /* MRCLUserListCell.xib in Resources */ = {isa = PBXBuildFile; fileRef = 2144002E21BE0E0C00CBEBD7 /* MRCLUserListCell.xib */; };
		2144003421BE485B00CBEBD7 /* MRCLFollowButton.m in Sources */ = {isa = PBXBuildFile; fileRef = 2144003321BE485B00CBEBD7 /* MRCLFollowButton.m */; };
		2144003821BE5F4F00CBEBD7 /* OCTClient+MRCUser.m in Sources */ = {isa = PBXBuildFile; fileRef = 2144003621BE5F4F00CBEBD7 /* OCTClient+MRCUser.m */; };
		2148A61D21AFDC6900CE2E90 /* MRCLPublicReposViewController.m in Sources */ = {isa = PBXBuildFile; fileRef = 2148A61C21AFDC6900CE2E90 /* MRCLPublicReposViewController.m */; };
		2148A62D21AFEE8700CE2E90 /* OCTRepository+MRCPersistence.m in Sources */ = {isa = PBXBuildFile; fileRef = 2148A62C21AFEE8700CE2E90 /* OCTRepository+MRCPersistence.m */; };
		214F418F21995EDD00C922D1 /* LICENSE in Resources */ = {isa = PBXBuildFile; fileRef = 214F418521995EDD00C922D1 /* LICENSE */; };
		214F419021995EDD00C922D1 /* README.md in Resources */ = {isa = PBXBuildFile; fileRef = 214F418621995EDD00C922D1 /* README.md */; };
		214F419121995EDD00C922D1 /* TGRImageViewController.m in Sources */ = {isa = PBXBuildFile; fileRef = 214F418821995EDD00C922D1 /* TGRImageViewController.m */; };
		214F419221995EDD00C922D1 /* TGRImageZoomAnimationController.m in Sources */ = {isa = PBXBuildFile; fileRef = 214F418921995EDD00C922D1 /* TGRImageZoomAnimationController.m */; };
		214F419321995EDD00C922D1 /* TGRImageViewController.xib in Resources */ = {isa = PBXBuildFile; fileRef = 214F418A21995EDD00C922D1 /* TGRImageViewController.xib */; };
		214F419421995EDD00C922D1 /* UIImage+AspectFit.m in Sources */ = {isa = PBXBuildFile; fileRef = 214F418B21995EDD00C922D1 /* UIImage+AspectFit.m */; };
		214F41972199641300C922D1 /* UIImage+MRCOcticons.m in Sources */ = {isa = PBXBuildFile; fileRef = 214F41962199641300C922D1 /* UIImage+MRCOcticons.m */; };
		21508C2421953D8E007C83B9 /* MRCLRouter.m in Sources */ = {isa = PBXBuildFile; fileRef = 21508C2321953D8E007C83B9 /* MRCLRouter.m */; };
		21508C2721953DDE007C83B9 /* MRCLViewController.m in Sources */ = {isa = PBXBuildFile; fileRef = 21508C2621953DDE007C83B9 /* MRCLViewController.m */; };
		21508C2A219560EB007C83B9 /* MRCLTabBarController.m in Sources */ = {isa = PBXBuildFile; fileRef = 21508C29219560EB007C83B9 /* MRCLTabBarController.m */; };
		21508C2D219561A0007C83B9 /* MRCLNavigationController.m in Sources */ = {isa = PBXBuildFile; fileRef = 21508C2C219561A0007C83B9 /* MRCLNavigationController.m */; };
		21508C302195650D007C83B9 /* MRCLLoginViewModel.m in Sources */ = {isa = PBXBuildFile; fileRef = 21508C2F2195650D007C83B9 /* MRCLLoginViewModel.m */; };
		21508C3321956829007C83B9 /* MRCLLoginViewController.m in Sources */ = {isa = PBXBuildFile; fileRef = 21508C3221956829007C83B9 /* MRCLLoginViewController.m */; };
		2184357221B8D1B7003DBE75 /* MRCLUserListViewModel.m in Sources */ = {isa = PBXBuildFile; fileRef = 2184357121B8D1B7003DBE75 /* MRCLUserListViewModel.m */; };
		2184358321B8FDC4003DBE75 /* MRCLUserListItemModel.m in Sources */ = {isa = PBXBuildFile; fileRef = 2184358221B8FDC4003DBE75 /* MRCLUserListItemModel.m */; };
		219678EA21BFA77000A5671C /* MRCLButton.m in Sources */ = {isa = PBXBuildFile; fileRef = 219678E921BFA77000A5671C /* MRCLButton.m */; };
		21BB620521C200D40010C2CD /* MRCLReposCell.m in Sources */ = {isa = PBXBuildFile; fileRef = 21BB620321C200D40010C2CD /* MRCLReposCell.m */; };
		21BB620621C200D40010C2CD /* MRCLReposCell.xib in Resources */ = {isa = PBXBuildFile; fileRef = 21BB620421C200D40010C2CD /* MRCLReposCell.xib */; };
		21E87C76219BFEE400E03DDF /* AFNetworking.framework in Frameworks */ = {isa = PBXBuildFile; fileRef = 218DF166219BFBE90038D3F9 /* AFNetworking.framework */; };
		21E87C77219BFEE400E03DDF /* AFNetworking.framework in Embed Frameworks */ = {isa = PBXBuildFile; fileRef = 218DF166219BFBE90038D3F9 /* AFNetworking.framework */; settings = {ATTRIBUTES = (CodeSignOnCopy, RemoveHeadersOnCopy, ); }; };
		21E87C87219BFEED00E03DDF /* ISO8601DateFormatter.framework in Frameworks */ = {isa = PBXBuildFile; fileRef = 218DF16A219BFBE90038D3F9 /* ISO8601DateFormatter.framework */; };
		21E87C88219BFEED00E03DDF /* ISO8601DateFormatter.framework in Embed Frameworks */ = {isa = PBXBuildFile; fileRef = 218DF16A219BFBE90038D3F9 /* ISO8601DateFormatter.framework */; settings = {ATTRIBUTES = (CodeSignOnCopy, RemoveHeadersOnCopy, ); }; };
		21E87C8B219BFEF600E03DDF /* ReactiveCocoa.framework in Frameworks */ = {isa = PBXBuildFile; fileRef = 218DF177219BFC0F0038D3F9 /* ReactiveCocoa.framework */; };
		21E87C8C219BFEF600E03DDF /* ReactiveCocoa.framework in Embed Frameworks */ = {isa = PBXBuildFile; fileRef = 218DF177219BFC0F0038D3F9 /* ReactiveCocoa.framework */; settings = {ATTRIBUTES = (CodeSignOnCopy, RemoveHeadersOnCopy, ); }; };
		21E87C8F219BFF0300E03DDF /* OctoKit.framework in Frameworks */ = {isa = PBXBuildFile; fileRef = 218DF196219BFC4D0038D3F9 /* OctoKit.framework */; };
		21E87C90219BFF0300E03DDF /* OctoKit.framework in Embed Frameworks */ = {isa = PBXBuildFile; fileRef = 218DF196219BFC4D0038D3F9 /* OctoKit.framework */; settings = {ATTRIBUTES = (CodeSignOnCopy, RemoveHeadersOnCopy, ); }; };
		21EA7B4821C0F30B003B12BC /* MRCLOwnedReposViewModel.m in Sources */ = {isa = PBXBuildFile; fileRef = 21EA7B4721C0F30B003B12BC /* MRCLOwnedReposViewModel.m */; };
		21EA7B5721C10778003B12BC /* MRCLOwnedReposItemModel.m in Sources */ = {isa = PBXBuildFile; fileRef = 21EA7B5621C10778003B12BC /* MRCLOwnedReposItemModel.m */; };
		21EAB8B921B0E08B008DFB43 /* MRCLUserListViewController.m in Sources */ = {isa = PBXBuildFile; fileRef = 21EAB8B821B0E08B008DFB43 /* MRCLUserListViewController.m */; };
		27F2A5754FD291894679F3B7 /* libPods-MVVMReactiveCocoaLearn.a in Frameworks */ = {isa = PBXBuildFile; fileRef = D655EA0BCBF1F01725CAE4F8 /* libPods-MVVMReactiveCocoaLearn.a */; };
		FB2ED1BC219332A300461C9A /* ViewController.m in Sources */ = {isa = PBXBuildFile; fileRef = FB2ED1BB219332A300461C9A /* ViewController.m */; };
		FB2ED1BF219332A300461C9A /* Main.storyboard in Resources */ = {isa = PBXBuildFile; fileRef = FB2ED1BD219332A300461C9A /* Main.storyboard */; };
		FB2ED1C1219332A400461C9A /* Assets.xcassets in Resources */ = {isa = PBXBuildFile; fileRef = FB2ED1C0219332A400461C9A /* Assets.xcassets */; };
		FB2ED1C4219332A400461C9A /* LaunchScreen.storyboard in Resources */ = {isa = PBXBuildFile; fileRef = FB2ED1C2219332A400461C9A /* LaunchScreen.storyboard */; };
		FB2ED1C7219332A400461C9A /* main.m in Sources */ = {isa = PBXBuildFile; fileRef = FB2ED1C6219332A400461C9A /* main.m */; };
		FB2ED1CF219449B900461C9A /* MRCLAppDelegate.m in Sources */ = {isa = PBXBuildFile; fileRef = FB2ED1CE219449B900461C9A /* MRCLAppDelegate.m */; };
		FB2ED1D521944C2700461C9A /* SSKeychain+MRCLUtil.m in Sources */ = {isa = PBXBuildFile; fileRef = FB2ED1D421944C2700461C9A /* SSKeychain+MRCLUtil.m */; };
		FB2ED1E021944D2C00461C9A /* MRCLRepositoryServiceImpl.m in Sources */ = {isa = PBXBuildFile; fileRef = FB2ED1DF21944D2C00461C9A /* MRCLRepositoryServiceImpl.m */; };
		FB2ED1E321944D6900461C9A /* MRCLAppStoreServiceImpl.m in Sources */ = {isa = PBXBuildFile; fileRef = FB2ED1E221944D6900461C9A /* MRCLAppStoreServiceImpl.m */; };
		FB2ED1EA21944E2000461C9A /* MRCLViewModel.m in Sources */ = {isa = PBXBuildFile; fileRef = FB2ED1E921944E2000461C9A /* MRCLViewModel.m */; };
		FB2ED1ED21944E3700461C9A /* MRCLViewModelServicesImpl.m in Sources */ = {isa = PBXBuildFile; fileRef = FB2ED1EC21944E3700461C9A /* MRCLViewModelServicesImpl.m */; };
		FB2ED1F2219484BE00461C9A /* MRCLNavigationControllerStack.m in Sources */ = {isa = PBXBuildFile; fileRef = FB2ED1F1219484BE00461C9A /* MRCLNavigationControllerStack.m */; };
/* End PBXBuildFile section */

/* Begin PBXContainerItemProxy section */
		218DF163219BFBE90038D3F9 /* PBXContainerItemProxy */ = {
			isa = PBXContainerItemProxy;
			containerPortal = 218DF15C219BFBE90038D3F9 /* OctoKitDependencies.xcodeproj */;
			proxyType = 2;
			remoteGlobalIDString = D0476DBD177916920071F3CB;
			remoteInfo = "AFNetworking Mac";
		};
		218DF165219BFBE90038D3F9 /* PBXContainerItemProxy */ = {
			isa = PBXContainerItemProxy;
			containerPortal = 218DF15C219BFBE90038D3F9 /* OctoKitDependencies.xcodeproj */;
			proxyType = 2;
			remoteGlobalIDString = D0040C9919FEC274002869A6;
			remoteInfo = "AFNetworking iOS";
		};
		218DF167219BFBE90038D3F9 /* PBXContainerItemProxy */ = {
			isa = PBXContainerItemProxy;
			containerPortal = 218DF15C219BFBE90038D3F9 /* OctoKitDependencies.xcodeproj */;
			proxyType = 2;
			remoteGlobalIDString = D0476E5E17791AA50071F3CB;
			remoteInfo = "ISO8601DateFormatter Mac";
		};
		218DF169219BFBE90038D3F9 /* PBXContainerItemProxy */ = {
			isa = PBXContainerItemProxy;
			containerPortal = 218DF15C219BFBE90038D3F9 /* OctoKitDependencies.xcodeproj */;
			proxyType = 2;
			remoteGlobalIDString = D0040CBB19FEC418002869A6;
			remoteInfo = "ISO8601DateFormatter iOS";
		};
		218DF172219BFC0F0038D3F9 /* PBXContainerItemProxy */ = {
			isa = PBXContainerItemProxy;
			containerPortal = 218DF16B219BFC0F0038D3F9 /* ReactiveCocoa.xcodeproj */;
			proxyType = 2;
			remoteGlobalIDString = D04725EA19E49ED7006002AA;
			remoteInfo = "ReactiveCocoa-Mac";
		};
		218DF174219BFC0F0038D3F9 /* PBXContainerItemProxy */ = {
			isa = PBXContainerItemProxy;
			containerPortal = 218DF16B219BFC0F0038D3F9 /* ReactiveCocoa.xcodeproj */;
			proxyType = 2;
			remoteGlobalIDString = D04725F519E49ED7006002AA;
			remoteInfo = "ReactiveCocoa-MacTests";
		};
		218DF176219BFC0F0038D3F9 /* PBXContainerItemProxy */ = {
			isa = PBXContainerItemProxy;
			containerPortal = 218DF16B219BFC0F0038D3F9 /* ReactiveCocoa.xcodeproj */;
			proxyType = 2;
			remoteGlobalIDString = D047260C19E49F82006002AA;
			remoteInfo = "ReactiveCocoa-iOS";
		};
		218DF178219BFC0F0038D3F9 /* PBXContainerItemProxy */ = {
			isa = PBXContainerItemProxy;
			containerPortal = 218DF16B219BFC0F0038D3F9 /* ReactiveCocoa.xcodeproj */;
			proxyType = 2;
			remoteGlobalIDString = D047261619E49F82006002AA;
			remoteInfo = "ReactiveCocoa-iOSTests";
		};
		218DF181219BFC300038D3F9 /* PBXContainerItemProxy */ = {
			isa = PBXContainerItemProxy;
			containerPortal = 218DF17A219BFC300038D3F9 /* Mantle.xcodeproj */;
			proxyType = 2;
			remoteGlobalIDString = D042FC3C15F72B23004E8054;
			remoteInfo = "Mantle-Mac";
		};
		218DF183219BFC300038D3F9 /* PBXContainerItemProxy */ = {
			isa = PBXContainerItemProxy;
			containerPortal = 218DF17A219BFC300038D3F9 /* Mantle.xcodeproj */;
			proxyType = 2;
			remoteGlobalIDString = D042FC5415F72B23004E8054;
			remoteInfo = "Mantle-MacTests";
		};
		218DF185219BFC300038D3F9 /* PBXContainerItemProxy */ = {
			isa = PBXContainerItemProxy;
			containerPortal = 218DF17A219BFC300038D3F9 /* Mantle.xcodeproj */;
			proxyType = 2;
			remoteGlobalIDString = D0E9C35719F6DB38000D427D;
			remoteInfo = "Mantle-iOS";
		};
		218DF187219BFC300038D3F9 /* PBXContainerItemProxy */ = {
			isa = PBXContainerItemProxy;
			containerPortal = 218DF17A219BFC300038D3F9 /* Mantle.xcodeproj */;
			proxyType = 2;
			remoteGlobalIDString = D0E9C36119F6DB38000D427D;
			remoteInfo = "Mantle-iOSTests";
		};
		218DF191219BFC4D0038D3F9 /* PBXContainerItemProxy */ = {
			isa = PBXContainerItemProxy;
			containerPortal = 218DF189219BFC4D0038D3F9 /* OctoKit.xcodeproj */;
			proxyType = 2;
			remoteGlobalIDString = D0871EA8169E2EFC00016ACA;
			remoteInfo = "OctoKit Mac";
		};
		218DF193219BFC4D0038D3F9 /* PBXContainerItemProxy */ = {
			isa = PBXContainerItemProxy;
			containerPortal = 218DF189219BFC4D0038D3F9 /* OctoKit.xcodeproj */;
			proxyType = 2;
			remoteGlobalIDString = D0871EC0169E2EFC00016ACA;
			remoteInfo = "OctoKit Mac Tests";
		};
		218DF195219BFC4D0038D3F9 /* PBXContainerItemProxy */ = {
			isa = PBXContainerItemProxy;
			containerPortal = 218DF189219BFC4D0038D3F9 /* OctoKit.xcodeproj */;
			proxyType = 2;
			remoteGlobalIDString = D0040CF319FEC579002869A6;
			remoteInfo = "OctoKit iOS";
		};
		218DF197219BFC4D0038D3F9 /* PBXContainerItemProxy */ = {
			isa = PBXContainerItemProxy;
			containerPortal = 218DF189219BFC4D0038D3F9 /* OctoKit.xcodeproj */;
			proxyType = 2;
			remoteGlobalIDString = D0040CFD19FEC579002869A6;
			remoteInfo = "OctoKit iOS Tests";
		};
		21E87C78219BFEE400E03DDF /* PBXContainerItemProxy */ = {
			isa = PBXContainerItemProxy;
			containerPortal = 218DF15C219BFBE90038D3F9 /* OctoKitDependencies.xcodeproj */;
			proxyType = 1;
			remoteGlobalIDString = D0040C9819FEC274002869A6;
			remoteInfo = "AFNetworking iOS";
		};
		21E87C89219BFEED00E03DDF /* PBXContainerItemProxy */ = {
			isa = PBXContainerItemProxy;
			containerPortal = 218DF15C219BFBE90038D3F9 /* OctoKitDependencies.xcodeproj */;
			proxyType = 1;
			remoteGlobalIDString = D0040CBA19FEC418002869A6;
			remoteInfo = "ISO8601DateFormatter iOS";
		};
		21E87C8D219BFEF600E03DDF /* PBXContainerItemProxy */ = {
			isa = PBXContainerItemProxy;
			containerPortal = 218DF16B219BFC0F0038D3F9 /* ReactiveCocoa.xcodeproj */;
			proxyType = 1;
			remoteGlobalIDString = D047260B19E49F82006002AA;
			remoteInfo = "ReactiveCocoa-iOS";
		};
		21E87C91219BFF0300E03DDF /* PBXContainerItemProxy */ = {
			isa = PBXContainerItemProxy;
			containerPortal = 218DF189219BFC4D0038D3F9 /* OctoKit.xcodeproj */;
			proxyType = 1;
			remoteGlobalIDString = D0040CF219FEC579002869A6;
			remoteInfo = "OctoKit iOS";
		};
/* End PBXContainerItemProxy section */

/* Begin PBXCopyFilesBuildPhase section */
		21E87C86219BFEE400E03DDF /* Embed Frameworks */ = {
			isa = PBXCopyFilesBuildPhase;
			buildActionMask = 2147483647;
			dstPath = "";
			dstSubfolderSpec = 10;
			files = (
				21E87C88219BFEED00E03DDF /* ISO8601DateFormatter.framework in Embed Frameworks */,
				21E87C8C219BFEF600E03DDF /* ReactiveCocoa.framework in Embed Frameworks */,
				21E87C90219BFF0300E03DDF /* OctoKit.framework in Embed Frameworks */,
				21E87C77219BFEE400E03DDF /* AFNetworking.framework in Embed Frameworks */,
			);
			name = "Embed Frameworks";
			runOnlyForDeploymentPostprocessing = 0;
		};
/* End PBXCopyFilesBuildPhase section */

/* Begin PBXFileReference section */
		2103EF2321992BC00028BC07 /* MRCLDoubleTitleView.h */ = {isa = PBXFileReference; lastKnownFileType = sourcecode.c.h; path = MRCLDoubleTitleView.h; sourceTree = "<group>"; };
		2103EF2421992BC00028BC07 /* MRCLDoubleTitleView.m */ = {isa = PBXFileReference; lastKnownFileType = sourcecode.c.objc; path = MRCLDoubleTitleView.m; sourceTree = "<group>"; };
		2103EF28219951250028BC07 /* LICENSE */ = {isa = PBXFileReference; fileEncoding = 4; lastKnownFileType = text; path = LICENSE; sourceTree = "<group>"; };
		2103EF2A219951250028BC07 /* TWMessageBarManager.m */ = {isa = PBXFileReference; fileEncoding = 4; lastKnownFileType = sourcecode.c.objc; path = TWMessageBarManager.m; sourceTree = "<group>"; };
		2103EF2C219951250028BC07 /* icon-info@2x.png */ = {isa = PBXFileReference; lastKnownFileType = image.png; path = "icon-info@2x.png"; sourceTree = "<group>"; };
		2103EF2D219951250028BC07 /* icon-error.png */ = {isa = PBXFileReference; lastKnownFileType = image.png; path = "icon-error.png"; sourceTree = "<group>"; };
		2103EF2E219951250028BC07 /* icon-info.png */ = {isa = PBXFileReference; lastKnownFileType = image.png; path = "icon-info.png"; sourceTree = "<group>"; };
		2103EF2F219951250028BC07 /* icon-success@2x.png */ = {isa = PBXFileReference; lastKnownFileType = image.png; path = "icon-success@2x.png"; sourceTree = "<group>"; };
		2103EF30219951250028BC07 /* icon-error@2x.png */ = {isa = PBXFileReference; lastKnownFileType = image.png; path = "icon-error@2x.png"; sourceTree = "<group>"; };
		2103EF31219951250028BC07 /* icon-success.png */ = {isa = PBXFileReference; lastKnownFileType = image.png; path = "icon-success.png"; sourceTree = "<group>"; };
		2103EF32219951250028BC07 /* TWMessageBarManager.h */ = {isa = PBXFileReference; fileEncoding = 4; lastKnownFileType = sourcecode.c.h; path = TWMessageBarManager.h; sourceTree = "<group>"; };
		2103EF33219951250028BC07 /* README.md */ = {isa = PBXFileReference; fileEncoding = 4; lastKnownFileType = net.daringfireball.markdown; path = README.md; sourceTree = "<group>"; };
		2112A25121AE7F3900A2AB3B /* MRCLMemoryCache.h */ = {isa = PBXFileReference; lastKnownFileType = sourcecode.c.h; path = MRCLMemoryCache.h; sourceTree = "<group>"; };
		2112A25221AE7F3900A2AB3B /* MRCLMemoryCache.m */ = {isa = PBXFileReference; lastKnownFileType = sourcecode.c.objc; path = MRCLMemoryCache.m; sourceTree = "<group>"; };
		2112A26021AE828C00A2AB3B /* MRCUtil.h */ = {isa = PBXFileReference; fileEncoding = 4; lastKnownFileType = sourcecode.c.h; path = MRCUtil.h; sourceTree = "<group>"; };
		2112A26121AE828D00A2AB3B /* MRCUtil.m */ = {isa = PBXFileReference; fileEncoding = 4; lastKnownFileType = sourcecode.c.objc; path = MRCUtil.m; sourceTree = "<group>"; };
		2112A26321AE830E00A2AB3B /* OCTUser+MRCPersistence.h */ = {isa = PBXFileReference; fileEncoding = 4; lastKnownFileType = sourcecode.c.h; path = "OCTUser+MRCPersistence.h"; sourceTree = "<group>"; };
		2112A26421AE830E00A2AB3B /* OCTUser+MRCPersistence.m */ = {isa = PBXFileReference; fileEncoding = 4; lastKnownFileType = sourcecode.c.objc; path = "OCTUser+MRCPersistence.m"; sourceTree = "<group>"; };
		2112A26621AE836100A2AB3B /* MRCPersistenceProtocol.h */ = {isa = PBXFileReference; fileEncoding = 4; lastKnownFileType = sourcecode.c.h; path = MRCPersistenceProtocol.h; sourceTree = "<group>"; };
		2112A26721AE88EA00A2AB3B /* FMDatabaseQueue+MRCHelper.m */ = {isa = PBXFileReference; fileEncoding = 4; lastKnownFileType = sourcecode.c.objc; path = "FMDatabaseQueue+MRCHelper.m"; sourceTree = "<group>"; };
		2112A26821AE88EA00A2AB3B /* FMDatabaseQueue+MRCHelper.h */ = {isa = PBXFileReference; fileEncoding = 4; lastKnownFileType = sourcecode.c.h; path = "FMDatabaseQueue+MRCHelper.h"; sourceTree = "<group>"; };
		2112A27C21AE91A100A2AB3B /* update_v1_1_0.sql */ = {isa = PBXFileReference; fileEncoding = 4; lastKnownFileType = text; path = update_v1_1_0.sql; sourceTree = "<group>"; };
		2112A27D21AE91A200A2AB3B /* update_v1_2_0.sql */ = {isa = PBXFileReference; fileEncoding = 4; lastKnownFileType = text; path = update_v1_2_0.sql; sourceTree = "<group>"; };
		2112A27E21AE91A200A2AB3B /* update_v1_0_1.sql */ = {isa = PBXFileReference; fileEncoding = 4; lastKnownFileType = text; path = update_v1_0_1.sql; sourceTree = "<group>"; };
		212BAEC621A438A400845206 /* MRCLTabBarViewModel.h */ = {isa = PBXFileReference; lastKnownFileType = sourcecode.c.h; path = MRCLTabBarViewModel.h; sourceTree = "<group>"; };
		212BAEC721A438A400845206 /* MRCLTabBarViewModel.m */ = {isa = PBXFileReference; lastKnownFileType = sourcecode.c.objc; path = MRCLTabBarViewModel.m; sourceTree = "<group>"; };
		212BAED521A438F600845206 /* MRCLHomepageViewModel.h */ = {isa = PBXFileReference; lastKnownFileType = sourcecode.c.h; path = MRCLHomepageViewModel.h; sourceTree = "<group>"; };
		212BAED621A438F600845206 /* MRCLHomepageViewModel.m */ = {isa = PBXFileReference; lastKnownFileType = sourcecode.c.objc; path = MRCLHomepageViewModel.m; sourceTree = "<group>"; };
		212BAED821A439E700845206 /* MRCLHomepageViewController.h */ = {isa = PBXFileReference; lastKnownFileType = sourcecode.c.h; path = MRCLHomepageViewController.h; sourceTree = "<group>"; };
		212BAED921A439E700845206 /* MRCLHomepageViewController.m */ = {isa = PBXFileReference; lastKnownFileType = sourcecode.c.objc; path = MRCLHomepageViewController.m; sourceTree = "<group>"; };
		212BAEDB21A4FE5200845206 /* MRCLNewsViewModel.h */ = {isa = PBXFileReference; lastKnownFileType = sourcecode.c.h; path = MRCLNewsViewModel.h; sourceTree = "<group>"; };
		212BAEDC21A4FE5200845206 /* MRCLNewsViewModel.m */ = {isa = PBXFileReference; lastKnownFileType = sourcecode.c.objc; path = MRCLNewsViewModel.m; sourceTree = "<group>"; };
		212BAEDE21A4FF5A00845206 /* MRCLReposViewModel.h */ = {isa = PBXFileReference; lastKnownFileType = sourcecode.c.h; path = MRCLReposViewModel.h; sourceTree = "<group>"; };
		212BAEDF21A4FF5A00845206 /* MRCLReposViewModel.m */ = {isa = PBXFileReference; lastKnownFileType = sourcecode.c.objc; path = MRCLReposViewModel.m; sourceTree = "<group>"; };
		212BAEE121A4FF7B00845206 /* MRCLExploreViewModel.h */ = {isa = PBXFileReference; lastKnownFileType = sourcecode.c.h; path = MRCLExploreViewModel.h; sourceTree = "<group>"; };
		212BAEE221A4FF7B00845206 /* MRCLExploreViewModel.m */ = {isa = PBXFileReference; lastKnownFileType = sourcecode.c.objc; path = MRCLExploreViewModel.m; sourceTree = "<group>"; };
		212BAEE421A500C200845206 /* MRCLProfileViewModel.h */ = {isa = PBXFileReference; lastKnownFileType = sourcecode.c.h; path = MRCLProfileViewModel.h; sourceTree = "<group>"; };
		212BAEE521A500C200845206 /* MRCLProfileViewModel.m */ = {isa = PBXFileReference; lastKnownFileType = sourcecode.c.objc; path = MRCLProfileViewModel.m; sourceTree = "<group>"; };
		212BAEE721A5092300845206 /* MRCLTableViewController.h */ = {isa = PBXFileReference; lastKnownFileType = sourcecode.c.h; path = MRCLTableViewController.h; sourceTree = "<group>"; };
		212BAEE821A5092300845206 /* MRCLTableViewController.m */ = {isa = PBXFileReference; lastKnownFileType = sourcecode.c.objc; path = MRCLTableViewController.m; sourceTree = "<group>"; };
		212BAEEA21A5095300845206 /* MRCLNewsViewController.h */ = {isa = PBXFileReference; lastKnownFileType = sourcecode.c.h; path = MRCLNewsViewController.h; sourceTree = "<group>"; };
		212BAEEB21A5095300845206 /* MRCLNewsViewController.m */ = {isa = PBXFileReference; lastKnownFileType = sourcecode.c.objc; path = MRCLNewsViewController.m; sourceTree = "<group>"; };
		212BAEED21A509B500845206 /* MRCLSegmentedControlController.h */ = {isa = PBXFileReference; lastKnownFileType = sourcecode.c.h; path = MRCLSegmentedControlController.h; sourceTree = "<group>"; };
		212BAEEE21A509B500845206 /* MRCLSegmentedControlController.m */ = {isa = PBXFileReference; lastKnownFileType = sourcecode.c.objc; path = MRCLSegmentedControlController.m; sourceTree = "<group>"; };
		212BAEF021A50A9D00845206 /* MRCLReposViewController.h */ = {isa = PBXFileReference; lastKnownFileType = sourcecode.c.h; path = MRCLReposViewController.h; sourceTree = "<group>"; };
		212BAEF121A50A9D00845206 /* MRCLReposViewController.m */ = {isa = PBXFileReference; lastKnownFileType = sourcecode.c.objc; path = MRCLReposViewController.m; sourceTree = "<group>"; };
		212BAEF321A50B3C00845206 /* MRCLExploreViewController.h */ = {isa = PBXFileReference; lastKnownFileType = sourcecode.c.h; path = MRCLExploreViewController.h; sourceTree = "<group>"; };
		212BAEF421A50B3C00845206 /* MRCLExploreViewController.m */ = {isa = PBXFileReference; lastKnownFileType = sourcecode.c.objc; path = MRCLExploreViewController.m; sourceTree = "<group>"; };
		212BAEF621A50B9000845206 /* MRCLProfileViewController.h */ = {isa = PBXFileReference; lastKnownFileType = sourcecode.c.h; path = MRCLProfileViewController.h; sourceTree = "<group>"; };
		212BAEF721A50B9000845206 /* MRCLProfileViewController.m */ = {isa = PBXFileReference; lastKnownFileType = sourcecode.c.objc; path = MRCLProfileViewController.m; sourceTree = "<group>"; };
		2144002C21BE0E0C00CBEBD7 /* MRCLUserListCell.h */ = {isa = PBXFileReference; lastKnownFileType = sourcecode.c.h; path = MRCLUserListCell.h; sourceTree = "<group>"; };
		2144002D21BE0E0C00CBEBD7 /* MRCLUserListCell.m */ = {isa = PBXFileReference; lastKnownFileType = sourcecode.c.objc; path = MRCLUserListCell.m; sourceTree = "<group>"; };
		2144002E21BE0E0C00CBEBD7 /* MRCLUserListCell.xib */ = {isa = PBXFileReference; lastKnownFileType = file.xib; path = MRCLUserListCell.xib; sourceTree = "<group>"; };
		2144003221BE485B00CBEBD7 /* MRCLFollowButton.h */ = {isa = PBXFileReference; lastKnownFileType = sourcecode.c.h; path = MRCLFollowButton.h; sourceTree = "<group>"; };
		2144003321BE485B00CBEBD7 /* MRCLFollowButton.m */ = {isa = PBXFileReference; lastKnownFileType = sourcecode.c.objc; path = MRCLFollowButton.m; sourceTree = "<group>"; };
		2144003521BE583400CBEBD7 /* MRCLReactiveView.h */ = {isa = PBXFileReference; lastKnownFileType = sourcecode.c.h; path = MRCLReactiveView.h; sourceTree = "<group>"; };
		2144003621BE5F4F00CBEBD7 /* OCTClient+MRCUser.m */ = {isa = PBXFileReference; fileEncoding = 4; lastKnownFileType = sourcecode.c.objc; path = "OCTClient+MRCUser.m"; sourceTree = "<group>"; };
		2144003721BE5F4F00CBEBD7 /* OCTClient+MRCUser.h */ = {isa = PBXFileReference; fileEncoding = 4; lastKnownFileType = sourcecode.c.h; path = "OCTClient+MRCUser.h"; sourceTree = "<group>"; };
		2148A61B21AFDC6900CE2E90 /* MRCLPublicReposViewController.h */ = {isa = PBXFileReference; lastKnownFileType = sourcecode.c.h; path = MRCLPublicReposViewController.h; sourceTree = "<group>"; };
		2148A61C21AFDC6900CE2E90 /* MRCLPublicReposViewController.m */ = {isa = PBXFileReference; lastKnownFileType = sourcecode.c.objc; path = MRCLPublicReposViewController.m; sourceTree = "<group>"; };
		2148A62B21AFEE8700CE2E90 /* OCTRepository+MRCPersistence.h */ = {isa = PBXFileReference; lastKnownFileType = sourcecode.c.h; path = "OCTRepository+MRCPersistence.h"; sourceTree = "<group>"; };
		2148A62C21AFEE8700CE2E90 /* OCTRepository+MRCPersistence.m */ = {isa = PBXFileReference; lastKnownFileType = sourcecode.c.objc; path = "OCTRepository+MRCPersistence.m"; sourceTree = "<group>"; };
		214F418521995EDD00C922D1 /* LICENSE */ = {isa = PBXFileReference; fileEncoding = 4; lastKnownFileType = text; path = LICENSE; sourceTree = "<group>"; };
		214F418621995EDD00C922D1 /* README.md */ = {isa = PBXFileReference; fileEncoding = 4; lastKnownFileType = net.daringfireball.markdown; path = README.md; sourceTree = "<group>"; };
		214F418821995EDD00C922D1 /* TGRImageViewController.m */ = {isa = PBXFileReference; fileEncoding = 4; lastKnownFileType = sourcecode.c.objc; path = TGRImageViewController.m; sourceTree = "<group>"; };
		214F418921995EDD00C922D1 /* TGRImageZoomAnimationController.m */ = {isa = PBXFileReference; fileEncoding = 4; lastKnownFileType = sourcecode.c.objc; path = TGRImageZoomAnimationController.m; sourceTree = "<group>"; };
		214F418A21995EDD00C922D1 /* TGRImageViewController.xib */ = {isa = PBXFileReference; fileEncoding = 4; lastKnownFileType = file.xib; path = TGRImageViewController.xib; sourceTree = "<group>"; };
		214F418B21995EDD00C922D1 /* UIImage+AspectFit.m */ = {isa = PBXFileReference; fileEncoding = 4; lastKnownFileType = sourcecode.c.objc; path = "UIImage+AspectFit.m"; sourceTree = "<group>"; };
		214F418C21995EDD00C922D1 /* TGRImageViewController.h */ = {isa = PBXFileReference; fileEncoding = 4; lastKnownFileType = sourcecode.c.h; path = TGRImageViewController.h; sourceTree = "<group>"; };
		214F418D21995EDD00C922D1 /* UIImage+AspectFit.h */ = {isa = PBXFileReference; fileEncoding = 4; lastKnownFileType = sourcecode.c.h; path = "UIImage+AspectFit.h"; sourceTree = "<group>"; };
		214F418E21995EDD00C922D1 /* TGRImageZoomAnimationController.h */ = {isa = PBXFileReference; fileEncoding = 4; lastKnownFileType = sourcecode.c.h; path = TGRImageZoomAnimationController.h; sourceTree = "<group>"; };
		214F41952199641300C922D1 /* UIImage+MRCOcticons.h */ = {isa = PBXFileReference; lastKnownFileType = sourcecode.c.h; path = "UIImage+MRCOcticons.h"; sourceTree = "<group>"; };
		214F41962199641300C922D1 /* UIImage+MRCOcticons.m */ = {isa = PBXFileReference; lastKnownFileType = sourcecode.c.objc; path = "UIImage+MRCOcticons.m"; sourceTree = "<group>"; };
		21508C2221953D8E007C83B9 /* MRCLRouter.h */ = {isa = PBXFileReference; lastKnownFileType = sourcecode.c.h; path = MRCLRouter.h; sourceTree = "<group>"; };
		21508C2321953D8E007C83B9 /* MRCLRouter.m */ = {isa = PBXFileReference; lastKnownFileType = sourcecode.c.objc; path = MRCLRouter.m; sourceTree = "<group>"; };
		21508C2521953DDE007C83B9 /* MRCLViewController.h */ = {isa = PBXFileReference; lastKnownFileType = sourcecode.c.h; path = MRCLViewController.h; sourceTree = "<group>"; };
		21508C2621953DDE007C83B9 /* MRCLViewController.m */ = {isa = PBXFileReference; lastKnownFileType = sourcecode.c.objc; path = MRCLViewController.m; sourceTree = "<group>"; };
		21508C28219560EB007C83B9 /* MRCLTabBarController.h */ = {isa = PBXFileReference; lastKnownFileType = sourcecode.c.h; path = MRCLTabBarController.h; sourceTree = "<group>"; };
		21508C29219560EB007C83B9 /* MRCLTabBarController.m */ = {isa = PBXFileReference; lastKnownFileType = sourcecode.c.objc; path = MRCLTabBarController.m; sourceTree = "<group>"; };
		21508C2B219561A0007C83B9 /* MRCLNavigationController.h */ = {isa = PBXFileReference; lastKnownFileType = sourcecode.c.h; path = MRCLNavigationController.h; sourceTree = "<group>"; };
		21508C2C219561A0007C83B9 /* MRCLNavigationController.m */ = {isa = PBXFileReference; lastKnownFileType = sourcecode.c.objc; path = MRCLNavigationController.m; sourceTree = "<group>"; };
		21508C2E2195650D007C83B9 /* MRCLLoginViewModel.h */ = {isa = PBXFileReference; lastKnownFileType = sourcecode.c.h; path = MRCLLoginViewModel.h; sourceTree = "<group>"; };
		21508C2F2195650D007C83B9 /* MRCLLoginViewModel.m */ = {isa = PBXFileReference; lastKnownFileType = sourcecode.c.objc; path = MRCLLoginViewModel.m; sourceTree = "<group>"; };
		21508C3121956829007C83B9 /* MRCLLoginViewController.h */ = {isa = PBXFileReference; lastKnownFileType = sourcecode.c.h; path = MRCLLoginViewController.h; sourceTree = "<group>"; };
		21508C3221956829007C83B9 /* MRCLLoginViewController.m */ = {isa = PBXFileReference; lastKnownFileType = sourcecode.c.objc; path = MRCLLoginViewController.m; sourceTree = "<group>"; };
		2184357021B8D1B7003DBE75 /* MRCLUserListViewModel.h */ = {isa = PBXFileReference; lastKnownFileType = sourcecode.c.h; path = MRCLUserListViewModel.h; sourceTree = "<group>"; };
		2184357121B8D1B7003DBE75 /* MRCLUserListViewModel.m */ = {isa = PBXFileReference; lastKnownFileType = sourcecode.c.objc; path = MRCLUserListViewModel.m; sourceTree = "<group>"; };
		2184358121B8FDC4003DBE75 /* MRCLUserListItemModel.h */ = {isa = PBXFileReference; lastKnownFileType = sourcecode.c.h; path = MRCLUserListItemModel.h; sourceTree = "<group>"; };
		2184358221B8FDC4003DBE75 /* MRCLUserListItemModel.m */ = {isa = PBXFileReference; lastKnownFileType = sourcecode.c.objc; path = MRCLUserListItemModel.m; sourceTree = "<group>"; };
		218DF15C219BFBE90038D3F9 /* OctoKitDependencies.xcodeproj */ = {isa = PBXFileReference; lastKnownFileType = "wrapper.pb-project"; name = OctoKitDependencies.xcodeproj; path = OctoKit/External/OctoKitDependencies/OctoKitDependencies.xcodeproj; sourceTree = "<group>"; };
		218DF16B219BFC0F0038D3F9 /* ReactiveCocoa.xcodeproj */ = {isa = PBXFileReference; lastKnownFileType = "wrapper.pb-project"; name = ReactiveCocoa.xcodeproj; path = OctoKit/Carthage/Checkouts/ReactiveCocoa/ReactiveCocoa.xcodeproj; sourceTree = "<group>"; };
		218DF17A219BFC300038D3F9 /* Mantle.xcodeproj */ = {isa = PBXFileReference; lastKnownFileType = "wrapper.pb-project"; name = Mantle.xcodeproj; path = OctoKit/Carthage/Checkouts/Mantle/Mantle.xcodeproj; sourceTree = "<group>"; };
		218DF189219BFC4D0038D3F9 /* OctoKit.xcodeproj */ = {isa = PBXFileReference; lastKnownFileType = "wrapper.pb-project"; name = OctoKit.xcodeproj; path = OctoKit/OctoKit.xcodeproj; sourceTree = "<group>"; };
		219678E821BFA77000A5671C /* MRCLButton.h */ = {isa = PBXFileReference; lastKnownFileType = sourcecode.c.h; path = MRCLButton.h; sourceTree = "<group>"; };
		219678E921BFA77000A5671C /* MRCLButton.m */ = {isa = PBXFileReference; lastKnownFileType = sourcecode.c.objc; path = MRCLButton.m; sourceTree = "<group>"; };
		21BB620221C200D40010C2CD /* MRCLReposCell.h */ = {isa = PBXFileReference; lastKnownFileType = sourcecode.c.h; path = MRCLReposCell.h; sourceTree = "<group>"; };
		21BB620321C200D40010C2CD /* MRCLReposCell.m */ = {isa = PBXFileReference; lastKnownFileType = sourcecode.c.objc; path = MRCLReposCell.m; sourceTree = "<group>"; };
		21BB620421C200D40010C2CD /* MRCLReposCell.xib */ = {isa = PBXFileReference; lastKnownFileType = file.xib; path = MRCLReposCell.xib; sourceTree = "<group>"; };
		21EA7B4621C0F30B003B12BC /* MRCLOwnedReposViewModel.h */ = {isa = PBXFileReference; lastKnownFileType = sourcecode.c.h; path = MRCLOwnedReposViewModel.h; sourceTree = "<group>"; };
		21EA7B4721C0F30B003B12BC /* MRCLOwnedReposViewModel.m */ = {isa = PBXFileReference; lastKnownFileType = sourcecode.c.objc; path = MRCLOwnedReposViewModel.m; sourceTree = "<group>"; };
		21EA7B5521C10778003B12BC /* MRCLOwnedReposItemModel.h */ = {isa = PBXFileReference; lastKnownFileType = sourcecode.c.h; path = MRCLOwnedReposItemModel.h; sourceTree = "<group>"; };
		21EA7B5621C10778003B12BC /* MRCLOwnedReposItemModel.m */ = {isa = PBXFileReference; lastKnownFileType = sourcecode.c.objc; path = MRCLOwnedReposItemModel.m; sourceTree = "<group>"; };
		21EAB8B721B0E08B008DFB43 /* MRCLUserListViewController.h */ = {isa = PBXFileReference; lastKnownFileType = sourcecode.c.h; path = MRCLUserListViewController.h; sourceTree = "<group>"; };
		21EAB8B821B0E08B008DFB43 /* MRCLUserListViewController.m */ = {isa = PBXFileReference; lastKnownFileType = sourcecode.c.objc; path = MRCLUserListViewController.m; sourceTree = "<group>"; };
		317C69558C61EE2ED0B3EA85 /* Pods-MVVMReactiveCocoaLearn.release.xcconfig */ = {isa = PBXFileReference; includeInIndex = 1; lastKnownFileType = text.xcconfig; name = "Pods-MVVMReactiveCocoaLearn.release.xcconfig"; path = "Pods/Target Support Files/Pods-MVVMReactiveCocoaLearn/Pods-MVVMReactiveCocoaLearn.release.xcconfig"; sourceTree = "<group>"; };
		C9F3C1A806AF3FF9A4C003A9 /* Pods-MVVMReactiveCocoaLearn.debug.xcconfig */ = {isa = PBXFileReference; includeInIndex = 1; lastKnownFileType = text.xcconfig; name = "Pods-MVVMReactiveCocoaLearn.debug.xcconfig"; path = "Pods/Target Support Files/Pods-MVVMReactiveCocoaLearn/Pods-MVVMReactiveCocoaLearn.debug.xcconfig"; sourceTree = "<group>"; };
		D655EA0BCBF1F01725CAE4F8 /* libPods-MVVMReactiveCocoaLearn.a */ = {isa = PBXFileReference; explicitFileType = archive.ar; includeInIndex = 0; path = "libPods-MVVMReactiveCocoaLearn.a"; sourceTree = BUILT_PRODUCTS_DIR; };
		FB2ED1B4219332A200461C9A /* MVVMReactiveCocoaLearn.app */ = {isa = PBXFileReference; explicitFileType = wrapper.application; includeInIndex = 0; path = MVVMReactiveCocoaLearn.app; sourceTree = BUILT_PRODUCTS_DIR; };
		FB2ED1BA219332A200461C9A /* ViewController.h */ = {isa = PBXFileReference; lastKnownFileType = sourcecode.c.h; path = ViewController.h; sourceTree = "<group>"; };
		FB2ED1BB219332A300461C9A /* ViewController.m */ = {isa = PBXFileReference; lastKnownFileType = sourcecode.c.objc; path = ViewController.m; sourceTree = "<group>"; };
		FB2ED1BE219332A300461C9A /* Base */ = {isa = PBXFileReference; lastKnownFileType = file.storyboard; name = Base; path = Base.lproj/Main.storyboard; sourceTree = "<group>"; };
		FB2ED1C0219332A400461C9A /* Assets.xcassets */ = {isa = PBXFileReference; lastKnownFileType = folder.assetcatalog; path = Assets.xcassets; sourceTree = "<group>"; };
		FB2ED1C3219332A400461C9A /* Base */ = {isa = PBXFileReference; lastKnownFileType = file.storyboard; name = Base; path = Base.lproj/LaunchScreen.storyboard; sourceTree = "<group>"; };
		FB2ED1C5219332A400461C9A /* Info.plist */ = {isa = PBXFileReference; lastKnownFileType = text.plist.xml; path = Info.plist; sourceTree = "<group>"; };
		FB2ED1C6219332A400461C9A /* main.m */ = {isa = PBXFileReference; lastKnownFileType = sourcecode.c.objc; path = main.m; sourceTree = "<group>"; };
		FB2ED1CD219449B900461C9A /* MRCLAppDelegate.h */ = {isa = PBXFileReference; lastKnownFileType = sourcecode.c.h; path = MRCLAppDelegate.h; sourceTree = "<group>"; };
		FB2ED1CE219449B900461C9A /* MRCLAppDelegate.m */ = {isa = PBXFileReference; lastKnownFileType = sourcecode.c.objc; path = MRCLAppDelegate.m; sourceTree = "<group>"; };
		FB2ED1D121944B9A00461C9A /* MVVMReactiveCocoaLearn-Prefix.pch */ = {isa = PBXFileReference; lastKnownFileType = sourcecode.c.h; path = "MVVMReactiveCocoaLearn-Prefix.pch"; sourceTree = "<group>"; };
		FB2ED1D321944C2700461C9A /* SSKeychain+MRCLUtil.h */ = {isa = PBXFileReference; lastKnownFileType = sourcecode.c.h; path = "SSKeychain+MRCLUtil.h"; sourceTree = "<group>"; };
		FB2ED1D421944C2700461C9A /* SSKeychain+MRCLUtil.m */ = {isa = PBXFileReference; lastKnownFileType = sourcecode.c.objc; path = "SSKeychain+MRCLUtil.m"; sourceTree = "<group>"; };
		FB2ED1D621944C6800461C9A /* MRCLConfig.h */ = {isa = PBXFileReference; lastKnownFileType = sourcecode.c.h; path = MRCLConfig.h; sourceTree = "<group>"; };
		FB2ED1D721944C9000461C9A /* MRCTConstant.h */ = {isa = PBXFileReference; lastKnownFileType = sourcecode.c.h; path = MRCTConstant.h; sourceTree = "<group>"; };
		FB2ED1DC21944CF200461C9A /* MRCLRepositoryService.h */ = {isa = PBXFileReference; lastKnownFileType = sourcecode.c.h; path = MRCLRepositoryService.h; sourceTree = "<group>"; };
		FB2ED1DD21944D1300461C9A /* MRCLAppStoreService.h */ = {isa = PBXFileReference; lastKnownFileType = sourcecode.c.h; path = MRCLAppStoreService.h; sourceTree = "<group>"; };
		FB2ED1DE21944D2C00461C9A /* MRCLRepositoryServiceImpl.h */ = {isa = PBXFileReference; lastKnownFileType = sourcecode.c.h; path = MRCLRepositoryServiceImpl.h; sourceTree = "<group>"; };
		FB2ED1DF21944D2C00461C9A /* MRCLRepositoryServiceImpl.m */ = {isa = PBXFileReference; lastKnownFileType = sourcecode.c.objc; path = MRCLRepositoryServiceImpl.m; sourceTree = "<group>"; };
		FB2ED1E121944D6900461C9A /* MRCLAppStoreServiceImpl.h */ = {isa = PBXFileReference; lastKnownFileType = sourcecode.c.h; path = MRCLAppStoreServiceImpl.h; sourceTree = "<group>"; };
		FB2ED1E221944D6900461C9A /* MRCLAppStoreServiceImpl.m */ = {isa = PBXFileReference; lastKnownFileType = sourcecode.c.objc; path = MRCLAppStoreServiceImpl.m; sourceTree = "<group>"; };
		FB2ED1E621944DC700461C9A /* MRCLNavigationProtocol.h */ = {isa = PBXFileReference; lastKnownFileType = sourcecode.c.h; path = MRCLNavigationProtocol.h; sourceTree = "<group>"; };
		FB2ED1E721944DED00461C9A /* MRCLViewModelServices.h */ = {isa = PBXFileReference; lastKnownFileType = sourcecode.c.h; path = MRCLViewModelServices.h; sourceTree = "<group>"; };
		FB2ED1E821944E2000461C9A /* MRCLViewModel.h */ = {isa = PBXFileReference; lastKnownFileType = sourcecode.c.h; path = MRCLViewModel.h; sourceTree = "<group>"; };
		FB2ED1E921944E2000461C9A /* MRCLViewModel.m */ = {isa = PBXFileReference; lastKnownFileType = sourcecode.c.objc; path = MRCLViewModel.m; sourceTree = "<group>"; };
		FB2ED1EB21944E3700461C9A /* MRCLViewModelServicesImpl.h */ = {isa = PBXFileReference; lastKnownFileType = sourcecode.c.h; path = MRCLViewModelServicesImpl.h; sourceTree = "<group>"; };
		FB2ED1EC21944E3700461C9A /* MRCLViewModelServicesImpl.m */ = {isa = PBXFileReference; lastKnownFileType = sourcecode.c.objc; path = MRCLViewModelServicesImpl.m; sourceTree = "<group>"; };
		FB2ED1F0219484BE00461C9A /* MRCLNavigationControllerStack.h */ = {isa = PBXFileReference; lastKnownFileType = sourcecode.c.h; path = MRCLNavigationControllerStack.h; sourceTree = "<group>"; };
		FB2ED1F1219484BE00461C9A /* MRCLNavigationControllerStack.m */ = {isa = PBXFileReference; lastKnownFileType = sourcecode.c.objc; path = MRCLNavigationControllerStack.m; sourceTree = "<group>"; };
/* End PBXFileReference section */

/* Begin PBXFrameworksBuildPhase section */
		FB2ED1B1219332A200461C9A /* Frameworks */ = {
			isa = PBXFrameworksBuildPhase;
			buildActionMask = 2147483647;
			files = (
				27F2A5754FD291894679F3B7 /* libPods-MVVMReactiveCocoaLearn.a in Frameworks */,
				21E87C8F219BFF0300E03DDF /* OctoKit.framework in Frameworks */,
				21E87C76219BFEE400E03DDF /* AFNetworking.framework in Frameworks */,
				21E87C87219BFEED00E03DDF /* ISO8601DateFormatter.framework in Frameworks */,
				21E87C8B219BFEF600E03DDF /* ReactiveCocoa.framework in Frameworks */,
			);
			runOnlyForDeploymentPostprocessing = 0;
		};
/* End PBXFrameworksBuildPhase section */

/* Begin PBXGroup section */
		2103EF2221992BA60028BC07 /* TitleView */ = {
			isa = PBXGroup;
			children = (
				2103EF2321992BC00028BC07 /* MRCLDoubleTitleView.h */,
				2103EF2421992BC00028BC07 /* MRCLDoubleTitleView.m */,
			);
			path = TitleView;
			sourceTree = "<group>";
		};
		2103EF26219951080028BC07 /* Resource */ = {
			isa = PBXGroup;
			children = (
				214F418421995EDD00C922D1 /* Vertigo */,
				2103EF27219951250028BC07 /* TWMessageBarManager */,
			);
			path = Resource;
			sourceTree = "<group>";
		};
		2103EF27219951250028BC07 /* TWMessageBarManager */ = {
			isa = PBXGroup;
			children = (
				2103EF29219951250028BC07 /* Classes */,
				2103EF28219951250028BC07 /* LICENSE */,
				2103EF33219951250028BC07 /* README.md */,
			);
			path = TWMessageBarManager;
			sourceTree = "<group>";
		};
		2103EF29219951250028BC07 /* Classes */ = {
			isa = PBXGroup;
			children = (
				2103EF2B219951250028BC07 /* Icons */,
				2103EF32219951250028BC07 /* TWMessageBarManager.h */,
				2103EF2A219951250028BC07 /* TWMessageBarManager.m */,
			);
			path = Classes;
			sourceTree = "<group>";
		};
		2103EF2B219951250028BC07 /* Icons */ = {
			isa = PBXGroup;
			children = (
				2103EF2C219951250028BC07 /* icon-info@2x.png */,
				2103EF2D219951250028BC07 /* icon-error.png */,
				2103EF2E219951250028BC07 /* icon-info.png */,
				2103EF2F219951250028BC07 /* icon-success@2x.png */,
				2103EF30219951250028BC07 /* icon-error@2x.png */,
				2103EF31219951250028BC07 /* icon-success.png */,
			);
			path = Icons;
			sourceTree = "<group>";
		};
		2112A26F21AE919100A2AB3B /* SQL */ = {
			isa = PBXGroup;
			children = (
				2112A27E21AE91A200A2AB3B /* update_v1_0_1.sql */,
				2112A27C21AE91A100A2AB3B /* update_v1_1_0.sql */,
				2112A27D21AE91A200A2AB3B /* update_v1_2_0.sql */,
			);
			path = SQL;
			sourceTree = "<group>";
		};
		2144001F21BE0DEA00CBEBD7 /* TableViewCell */ = {
			isa = PBXGroup;
			children = (
				2144002C21BE0E0C00CBEBD7 /* MRCLUserListCell.h */,
				2144002D21BE0E0C00CBEBD7 /* MRCLUserListCell.m */,
				2144002E21BE0E0C00CBEBD7 /* MRCLUserListCell.xib */,
				21BB620221C200D40010C2CD /* MRCLReposCell.h */,
				21BB620321C200D40010C2CD /* MRCLReposCell.m */,
				21BB620421C200D40010C2CD /* MRCLReposCell.xib */,
			);
			path = TableViewCell;
			sourceTree = "<group>";
		};
		2144003121BE483700CBEBD7 /* Button */ = {
			isa = PBXGroup;
			children = (
				2144003221BE485B00CBEBD7 /* MRCLFollowButton.h */,
				2144003321BE485B00CBEBD7 /* MRCLFollowButton.m */,
				219678E821BFA77000A5671C /* MRCLButton.h */,
				219678E921BFA77000A5671C /* MRCLButton.m */,
			);
			path = Button;
			sourceTree = "<group>";
		};
		214F418421995EDD00C922D1 /* Vertigo */ = {
			isa = PBXGroup;
			children = (
				214F418521995EDD00C922D1 /* LICENSE */,
				214F418621995EDD00C922D1 /* README.md */,
				214F418721995EDD00C922D1 /* Vertigo */,
			);
			path = Vertigo;
			sourceTree = "<group>";
		};
		214F418721995EDD00C922D1 /* Vertigo */ = {
			isa = PBXGroup;
			children = (
				214F418821995EDD00C922D1 /* TGRImageViewController.m */,
				214F418921995EDD00C922D1 /* TGRImageZoomAnimationController.m */,
				214F418A21995EDD00C922D1 /* TGRImageViewController.xib */,
				214F418B21995EDD00C922D1 /* UIImage+AspectFit.m */,
				214F418C21995EDD00C922D1 /* TGRImageViewController.h */,
				214F418D21995EDD00C922D1 /* UIImage+AspectFit.h */,
				214F418E21995EDD00C922D1 /* TGRImageZoomAnimationController.h */,
			);
			path = Vertigo;
			sourceTree = "<group>";
		};
		2184358021B8FDA9003DBE75 /* ItemModel */ = {
			isa = PBXGroup;
			children = (
				2184358121B8FDC4003DBE75 /* MRCLUserListItemModel.h */,
				2184358221B8FDC4003DBE75 /* MRCLUserListItemModel.m */,
				21EA7B5521C10778003B12BC /* MRCLOwnedReposItemModel.h */,
				21EA7B5621C10778003B12BC /* MRCLOwnedReposItemModel.m */,
			);
			path = ItemModel;
			sourceTree = "<group>";
		};
		218DF15D219BFBE90038D3F9 /* Products */ = {
			isa = PBXGroup;
			children = (
				218DF164219BFBE90038D3F9 /* AFNetworking.framework */,
				218DF166219BFBE90038D3F9 /* AFNetworking.framework */,
				218DF168219BFBE90038D3F9 /* ISO8601DateFormatter.framework */,
				218DF16A219BFBE90038D3F9 /* ISO8601DateFormatter.framework */,
			);
			name = Products;
			sourceTree = "<group>";
		};
		218DF16C219BFC0F0038D3F9 /* Products */ = {
			isa = PBXGroup;
			children = (
				218DF173219BFC0F0038D3F9 /* ReactiveCocoa.framework */,
				218DF175219BFC0F0038D3F9 /* ReactiveCocoa-MacTests.xctest */,
				218DF177219BFC0F0038D3F9 /* ReactiveCocoa.framework */,
				218DF179219BFC0F0038D3F9 /* ReactiveCocoa-iOSTests.xctest */,
			);
			name = Products;
			sourceTree = "<group>";
		};
		218DF17B219BFC300038D3F9 /* Products */ = {
			isa = PBXGroup;
			children = (
				218DF182219BFC300038D3F9 /* Mantle.framework */,
				218DF184219BFC300038D3F9 /* Mantle-MacTests.xctest */,
				218DF186219BFC300038D3F9 /* Mantle.framework */,
				218DF188219BFC300038D3F9 /* Mantle-iOSTests.xctest */,
			);
			name = Products;
			sourceTree = "<group>";
		};
		218DF18A219BFC4D0038D3F9 /* Products */ = {
			isa = PBXGroup;
			children = (
				218DF192219BFC4D0038D3F9 /* OctoKit.framework */,
				218DF194219BFC4D0038D3F9 /* OctoKit Mac Tests.xctest */,
				218DF196219BFC4D0038D3F9 /* OctoKit.framework */,
				218DF198219BFC4D0038D3F9 /* OctoKit iOS Tests.xctest */,
			);
			name = Products;
			sourceTree = "<group>";
		};
		359D54DF1A3F57171C8F2799 /* Frameworks */ = {
			isa = PBXGroup;
			children = (
				218DF189219BFC4D0038D3F9 /* OctoKit.xcodeproj */,
				218DF17A219BFC300038D3F9 /* Mantle.xcodeproj */,
				218DF16B219BFC0F0038D3F9 /* ReactiveCocoa.xcodeproj */,
				218DF15C219BFBE90038D3F9 /* OctoKitDependencies.xcodeproj */,
				D655EA0BCBF1F01725CAE4F8 /* libPods-MVVMReactiveCocoaLearn.a */,
			);
			name = Frameworks;
			sourceTree = "<group>";
		};
		3B73FDE59EE1F8AA8E25FD6C /* Pods */ = {
			isa = PBXGroup;
			children = (
				C9F3C1A806AF3FF9A4C003A9 /* Pods-MVVMReactiveCocoaLearn.debug.xcconfig */,
				317C69558C61EE2ED0B3EA85 /* Pods-MVVMReactiveCocoaLearn.release.xcconfig */,
			);
			name = Pods;
			sourceTree = "<group>";
		};
		FB2ED1AB219332A200461C9A = {
			isa = PBXGroup;
			children = (
				FB2ED1B6219332A200461C9A /* MVVMReactiveCocoaLearn */,
				FB2ED1B5219332A200461C9A /* Products */,
				3B73FDE59EE1F8AA8E25FD6C /* Pods */,
				359D54DF1A3F57171C8F2799 /* Frameworks */,
			);
			sourceTree = "<group>";
		};
		FB2ED1B5219332A200461C9A /* Products */ = {
			isa = PBXGroup;
			children = (
				FB2ED1B4219332A200461C9A /* MVVMReactiveCocoaLearn.app */,
			);
			name = Products;
			sourceTree = "<group>";
		};
		FB2ED1B6219332A200461C9A /* MVVMReactiveCocoaLearn */ = {
			isa = PBXGroup;
			children = (
				2103EF26219951080028BC07 /* Resource */,
				FB2ED1D221944C0200461C9A /* Util */,
				FB2ED1D821944CA300461C9A /* Model */,
				FB2ED1E421944D8D00461C9A /* ViewModel */,
				FB2ED1EE2194848800461C9A /* View */,
				FB2ED1BA219332A200461C9A /* ViewController.h */,
				FB2ED1BB219332A300461C9A /* ViewController.m */,
				FB2ED1CD219449B900461C9A /* MRCLAppDelegate.h */,
				FB2ED1CE219449B900461C9A /* MRCLAppDelegate.m */,
				FB2ED1BD219332A300461C9A /* Main.storyboard */,
				FB2ED1C0219332A400461C9A /* Assets.xcassets */,
				FB2ED1C2219332A400461C9A /* LaunchScreen.storyboard */,
				FB2ED1C5219332A400461C9A /* Info.plist */,
				FB2ED1C6219332A400461C9A /* main.m */,
				FB2ED1D121944B9A00461C9A /* MVVMReactiveCocoaLearn-Prefix.pch */,
			);
			path = MVVMReactiveCocoaLearn;
			sourceTree = "<group>";
		};
		FB2ED1D221944C0200461C9A /* Util */ = {
			isa = PBXGroup;
			children = (
				FB2ED1D321944C2700461C9A /* SSKeychain+MRCLUtil.h */,
				FB2ED1D421944C2700461C9A /* SSKeychain+MRCLUtil.m */,
				FB2ED1D621944C6800461C9A /* MRCLConfig.h */,
				FB2ED1D721944C9000461C9A /* MRCTConstant.h */,
				21508C2221953D8E007C83B9 /* MRCLRouter.h */,
				21508C2321953D8E007C83B9 /* MRCLRouter.m */,
				214F41952199641300C922D1 /* UIImage+MRCOcticons.h */,
				214F41962199641300C922D1 /* UIImage+MRCOcticons.m */,
				2112A25121AE7F3900A2AB3B /* MRCLMemoryCache.h */,
				2112A25221AE7F3900A2AB3B /* MRCLMemoryCache.m */,
				2112A26021AE828C00A2AB3B /* MRCUtil.h */,
				2112A26121AE828D00A2AB3B /* MRCUtil.m */,
				2144003521BE583400CBEBD7 /* MRCLReactiveView.h */,
			);
			path = Util;
			sourceTree = "<group>";
		};
		FB2ED1D821944CA300461C9A /* Model */ = {
			isa = PBXGroup;
			children = (
				2184358021B8FDA9003DBE75 /* ItemModel */,
				2112A26F21AE919100A2AB3B /* SQL */,
				2112A26621AE836100A2AB3B /* MRCPersistenceProtocol.h */,
				2148A62B21AFEE8700CE2E90 /* OCTRepository+MRCPersistence.h */,
				2148A62C21AFEE8700CE2E90 /* OCTRepository+MRCPersistence.m */,
				2112A26321AE830E00A2AB3B /* OCTUser+MRCPersistence.h */,
				2112A26421AE830E00A2AB3B /* OCTUser+MRCPersistence.m */,
				FB2ED1DC21944CF200461C9A /* MRCLRepositoryService.h */,
				FB2ED1DE21944D2C00461C9A /* MRCLRepositoryServiceImpl.h */,
				FB2ED1DF21944D2C00461C9A /* MRCLRepositoryServiceImpl.m */,
				FB2ED1DD21944D1300461C9A /* MRCLAppStoreService.h */,
				FB2ED1E121944D6900461C9A /* MRCLAppStoreServiceImpl.h */,
				FB2ED1E221944D6900461C9A /* MRCLAppStoreServiceImpl.m */,
				2112A26821AE88EA00A2AB3B /* FMDatabaseQueue+MRCHelper.h */,
				2112A26721AE88EA00A2AB3B /* FMDatabaseQueue+MRCHelper.m */,
				2144003721BE5F4F00CBEBD7 /* OCTClient+MRCUser.h */,
				2144003621BE5F4F00CBEBD7 /* OCTClient+MRCUser.m */,
			);
			path = Model;
			sourceTree = "<group>";
		};
		FB2ED1E421944D8D00461C9A /* ViewModel */ = {
			isa = PBXGroup;
			children = (
				FB2ED1E521944DB500461C9A /* BaseClass */,
				212BAED521A438F600845206 /* MRCLHomepageViewModel.h */,
				212BAED621A438F600845206 /* MRCLHomepageViewModel.m */,
				212BAEDB21A4FE5200845206 /* MRCLNewsViewModel.h */,
				212BAEDC21A4FE5200845206 /* MRCLNewsViewModel.m */,
				212BAEDE21A4FF5A00845206 /* MRCLReposViewModel.h */,
				212BAEDF21A4FF5A00845206 /* MRCLReposViewModel.m */,
				212BAEE121A4FF7B00845206 /* MRCLExploreViewModel.h */,
				212BAEE221A4FF7B00845206 /* MRCLExploreViewModel.m */,
				212BAEE421A500C200845206 /* MRCLProfileViewModel.h */,
				212BAEE521A500C200845206 /* MRCLProfileViewModel.m */,
				21508C2E2195650D007C83B9 /* MRCLLoginViewModel.h */,
				21508C2F2195650D007C83B9 /* MRCLLoginViewModel.m */,
				2184357021B8D1B7003DBE75 /* MRCLUserListViewModel.h */,
				2184357121B8D1B7003DBE75 /* MRCLUserListViewModel.m */,
				21EA7B4621C0F30B003B12BC /* MRCLOwnedReposViewModel.h */,
				21EA7B4721C0F30B003B12BC /* MRCLOwnedReposViewModel.m */,
			);
			path = ViewModel;
			sourceTree = "<group>";
		};
		FB2ED1E521944DB500461C9A /* BaseClass */ = {
			isa = PBXGroup;
			children = (
				FB2ED1E621944DC700461C9A /* MRCLNavigationProtocol.h */,
				212BAEC621A438A400845206 /* MRCLTabBarViewModel.h */,
				212BAEC721A438A400845206 /* MRCLTabBarViewModel.m */,
				FB2ED1E821944E2000461C9A /* MRCLViewModel.h */,
				FB2ED1E921944E2000461C9A /* MRCLViewModel.m */,
				FB2ED1E721944DED00461C9A /* MRCLViewModelServices.h */,
				FB2ED1EB21944E3700461C9A /* MRCLViewModelServicesImpl.h */,
				FB2ED1EC21944E3700461C9A /* MRCLViewModelServicesImpl.m */,
			);
			path = BaseClass;
			sourceTree = "<group>";
		};
		FB2ED1EE2194848800461C9A /* View */ = {
			isa = PBXGroup;
			children = (
				2144003121BE483700CBEBD7 /* Button */,
				2144001F21BE0DEA00CBEBD7 /* TableViewCell */,
				2103EF2221992BA60028BC07 /* TitleView */,
				FB2ED1EF2194849C00461C9A /* BaseClass */,
				212BAED821A439E700845206 /* MRCLHomepageViewController.h */,
				212BAED921A439E700845206 /* MRCLHomepageViewController.m */,
				21508C3121956829007C83B9 /* MRCLLoginViewController.h */,
				21508C3221956829007C83B9 /* MRCLLoginViewController.m */,
				212BAEEA21A5095300845206 /* MRCLNewsViewController.h */,
				212BAEEB21A5095300845206 /* MRCLNewsViewController.m */,
				212BAEF021A50A9D00845206 /* MRCLReposViewController.h */,
				212BAEF121A50A9D00845206 /* MRCLReposViewController.m */,
				212BAEF321A50B3C00845206 /* MRCLExploreViewController.h */,
				212BAEF421A50B3C00845206 /* MRCLExploreViewController.m */,
				212BAEF621A50B9000845206 /* MRCLProfileViewController.h */,
				212BAEF721A50B9000845206 /* MRCLProfileViewController.m */,
				2148A61B21AFDC6900CE2E90 /* MRCLPublicReposViewController.h */,
				2148A61C21AFDC6900CE2E90 /* MRCLPublicReposViewController.m */,
				21EAB8B721B0E08B008DFB43 /* MRCLUserListViewController.h */,
				21EAB8B821B0E08B008DFB43 /* MRCLUserListViewController.m */,
			);
			path = View;
			sourceTree = "<group>";
		};
		FB2ED1EF2194849C00461C9A /* BaseClass */ = {
			isa = PBXGroup;
			children = (
				FB2ED1F0219484BE00461C9A /* MRCLNavigationControllerStack.h */,
				FB2ED1F1219484BE00461C9A /* MRCLNavigationControllerStack.m */,
				21508C28219560EB007C83B9 /* MRCLTabBarController.h */,
				21508C29219560EB007C83B9 /* MRCLTabBarController.m */,
				212BAEE721A5092300845206 /* MRCLTableViewController.h */,
				212BAEE821A5092300845206 /* MRCLTableViewController.m */,
				21508C2B219561A0007C83B9 /* MRCLNavigationController.h */,
				21508C2C219561A0007C83B9 /* MRCLNavigationController.m */,
				21508C2521953DDE007C83B9 /* MRCLViewController.h */,
				21508C2621953DDE007C83B9 /* MRCLViewController.m */,
				212BAEED21A509B500845206 /* MRCLSegmentedControlController.h */,
				212BAEEE21A509B500845206 /* MRCLSegmentedControlController.m */,
			);
			path = BaseClass;
			sourceTree = "<group>";
		};
/* End PBXGroup section */

/* Begin PBXNativeTarget section */
		FB2ED1B3219332A200461C9A /* MVVMReactiveCocoaLearn */ = {
			isa = PBXNativeTarget;
			buildConfigurationList = FB2ED1CA219332A400461C9A /* Build configuration list for PBXNativeTarget "MVVMReactiveCocoaLearn" */;
			buildPhases = (
				9895E413145B9716D605D684 /* [CP] Check Pods Manifest.lock */,
				FB2ED1B0219332A200461C9A /* Sources */,
				FB2ED1B1219332A200461C9A /* Frameworks */,
				FB2ED1B2219332A200461C9A /* Resources */,
				47C5A9320086E93CB1541355 /* [CP] Copy Pods Resources */,
				21E87C86219BFEE400E03DDF /* Embed Frameworks */,
			);
			buildRules = (
			);
			dependencies = (
				21E87C79219BFEE400E03DDF /* PBXTargetDependency */,
				21E87C8A219BFEED00E03DDF /* PBXTargetDependency */,
				21E87C8E219BFEF600E03DDF /* PBXTargetDependency */,
				21E87C92219BFF0300E03DDF /* PBXTargetDependency */,
			);
			name = MVVMReactiveCocoaLearn;
			productName = MVVMReactiveCocoaLearn;
			productReference = FB2ED1B4219332A200461C9A /* MVVMReactiveCocoaLearn.app */;
			productType = "com.apple.product-type.application";
		};
/* End PBXNativeTarget section */

/* Begin PBXProject section */
		FB2ED1AC219332A200461C9A /* Project object */ = {
			isa = PBXProject;
			attributes = {
				LastUpgradeCheck = 1010;
				ORGANIZATIONNAME = hao;
				TargetAttributes = {
					FB2ED1B3219332A200461C9A = {
						CreatedOnToolsVersion = 10.1;
					};
				};
			};
			buildConfigurationList = FB2ED1AF219332A200461C9A /* Build configuration list for PBXProject "MVVMReactiveCocoaLearn" */;
			compatibilityVersion = "Xcode 9.3";
			developmentRegion = en;
			hasScannedForEncodings = 0;
			knownRegions = (
				en,
				Base,
			);
			mainGroup = FB2ED1AB219332A200461C9A;
			productRefGroup = FB2ED1B5219332A200461C9A /* Products */;
			projectDirPath = "";
			projectReferences = (
				{
					ProductGroup = 218DF17B219BFC300038D3F9 /* Products */;
					ProjectRef = 218DF17A219BFC300038D3F9 /* Mantle.xcodeproj */;
				},
				{
					ProductGroup = 218DF18A219BFC4D0038D3F9 /* Products */;
					ProjectRef = 218DF189219BFC4D0038D3F9 /* OctoKit.xcodeproj */;
				},
				{
					ProductGroup = 218DF15D219BFBE90038D3F9 /* Products */;
					ProjectRef = 218DF15C219BFBE90038D3F9 /* OctoKitDependencies.xcodeproj */;
				},
				{
					ProductGroup = 218DF16C219BFC0F0038D3F9 /* Products */;
					ProjectRef = 218DF16B219BFC0F0038D3F9 /* ReactiveCocoa.xcodeproj */;
				},
			);
			projectRoot = "";
			targets = (
				FB2ED1B3219332A200461C9A /* MVVMReactiveCocoaLearn */,
			);
		};
/* End PBXProject section */

/* Begin PBXReferenceProxy section */
		218DF164219BFBE90038D3F9 /* AFNetworking.framework */ = {
			isa = PBXReferenceProxy;
			fileType = wrapper.framework;
			path = AFNetworking.framework;
			remoteRef = 218DF163219BFBE90038D3F9 /* PBXContainerItemProxy */;
			sourceTree = BUILT_PRODUCTS_DIR;
		};
		218DF166219BFBE90038D3F9 /* AFNetworking.framework */ = {
			isa = PBXReferenceProxy;
			fileType = wrapper.framework;
			path = AFNetworking.framework;
			remoteRef = 218DF165219BFBE90038D3F9 /* PBXContainerItemProxy */;
			sourceTree = BUILT_PRODUCTS_DIR;
		};
		218DF168219BFBE90038D3F9 /* ISO8601DateFormatter.framework */ = {
			isa = PBXReferenceProxy;
			fileType = wrapper.framework;
			path = ISO8601DateFormatter.framework;
			remoteRef = 218DF167219BFBE90038D3F9 /* PBXContainerItemProxy */;
			sourceTree = BUILT_PRODUCTS_DIR;
		};
		218DF16A219BFBE90038D3F9 /* ISO8601DateFormatter.framework */ = {
			isa = PBXReferenceProxy;
			fileType = wrapper.framework;
			path = ISO8601DateFormatter.framework;
			remoteRef = 218DF169219BFBE90038D3F9 /* PBXContainerItemProxy */;
			sourceTree = BUILT_PRODUCTS_DIR;
		};
		218DF173219BFC0F0038D3F9 /* ReactiveCocoa.framework */ = {
			isa = PBXReferenceProxy;
			fileType = wrapper.framework;
			path = ReactiveCocoa.framework;
			remoteRef = 218DF172219BFC0F0038D3F9 /* PBXContainerItemProxy */;
			sourceTree = BUILT_PRODUCTS_DIR;
		};
		218DF175219BFC0F0038D3F9 /* ReactiveCocoa-MacTests.xctest */ = {
			isa = PBXReferenceProxy;
			fileType = wrapper.cfbundle;
			path = "ReactiveCocoa-MacTests.xctest";
			remoteRef = 218DF174219BFC0F0038D3F9 /* PBXContainerItemProxy */;
			sourceTree = BUILT_PRODUCTS_DIR;
		};
		218DF177219BFC0F0038D3F9 /* ReactiveCocoa.framework */ = {
			isa = PBXReferenceProxy;
			fileType = wrapper.framework;
			path = ReactiveCocoa.framework;
			remoteRef = 218DF176219BFC0F0038D3F9 /* PBXContainerItemProxy */;
			sourceTree = BUILT_PRODUCTS_DIR;
		};
		218DF179219BFC0F0038D3F9 /* ReactiveCocoa-iOSTests.xctest */ = {
			isa = PBXReferenceProxy;
			fileType = wrapper.cfbundle;
			path = "ReactiveCocoa-iOSTests.xctest";
			remoteRef = 218DF178219BFC0F0038D3F9 /* PBXContainerItemProxy */;
			sourceTree = BUILT_PRODUCTS_DIR;
		};
		218DF182219BFC300038D3F9 /* Mantle.framework */ = {
			isa = PBXReferenceProxy;
			fileType = wrapper.framework;
			path = Mantle.framework;
			remoteRef = 218DF181219BFC300038D3F9 /* PBXContainerItemProxy */;
			sourceTree = BUILT_PRODUCTS_DIR;
		};
		218DF184219BFC300038D3F9 /* Mantle-MacTests.xctest */ = {
			isa = PBXReferenceProxy;
			fileType = wrapper.cfbundle;
			path = "Mantle-MacTests.xctest";
			remoteRef = 218DF183219BFC300038D3F9 /* PBXContainerItemProxy */;
			sourceTree = BUILT_PRODUCTS_DIR;
		};
		218DF186219BFC300038D3F9 /* Mantle.framework */ = {
			isa = PBXReferenceProxy;
			fileType = wrapper.framework;
			path = Mantle.framework;
			remoteRef = 218DF185219BFC300038D3F9 /* PBXContainerItemProxy */;
			sourceTree = BUILT_PRODUCTS_DIR;
		};
		218DF188219BFC300038D3F9 /* Mantle-iOSTests.xctest */ = {
			isa = PBXReferenceProxy;
			fileType = wrapper.cfbundle;
			path = "Mantle-iOSTests.xctest";
			remoteRef = 218DF187219BFC300038D3F9 /* PBXContainerItemProxy */;
			sourceTree = BUILT_PRODUCTS_DIR;
		};
		218DF192219BFC4D0038D3F9 /* OctoKit.framework */ = {
			isa = PBXReferenceProxy;
			fileType = wrapper.framework;
			path = OctoKit.framework;
			remoteRef = 218DF191219BFC4D0038D3F9 /* PBXContainerItemProxy */;
			sourceTree = BUILT_PRODUCTS_DIR;
		};
		218DF194219BFC4D0038D3F9 /* OctoKit Mac Tests.xctest */ = {
			isa = PBXReferenceProxy;
			fileType = wrapper.cfbundle;
			path = "OctoKit Mac Tests.xctest";
			remoteRef = 218DF193219BFC4D0038D3F9 /* PBXContainerItemProxy */;
			sourceTree = BUILT_PRODUCTS_DIR;
		};
		218DF196219BFC4D0038D3F9 /* OctoKit.framework */ = {
			isa = PBXReferenceProxy;
			fileType = wrapper.framework;
			path = OctoKit.framework;
			remoteRef = 218DF195219BFC4D0038D3F9 /* PBXContainerItemProxy */;
			sourceTree = BUILT_PRODUCTS_DIR;
		};
		218DF198219BFC4D0038D3F9 /* OctoKit iOS Tests.xctest */ = {
			isa = PBXReferenceProxy;
			fileType = wrapper.cfbundle;
			path = "OctoKit iOS Tests.xctest";
			remoteRef = 218DF197219BFC4D0038D3F9 /* PBXContainerItemProxy */;
			sourceTree = BUILT_PRODUCTS_DIR;
		};
/* End PBXReferenceProxy section */

/* Begin PBXResourcesBuildPhase section */
		FB2ED1B2219332A200461C9A /* Resources */ = {
			isa = PBXResourcesBuildPhase;
			buildActionMask = 2147483647;
			files = (
				21BB620621C200D40010C2CD /* MRCLReposCell.xib in Resources */,
				FB2ED1C4219332A400461C9A /* LaunchScreen.storyboard in Resources */,
				2103EF38219951260028BC07 /* icon-info.png in Resources */,
				2144003021BE0E0C00CBEBD7 /* MRCLUserListCell.xib in Resources */,
				2103EF3A219951260028BC07 /* icon-error@2x.png in Resources */,
				FB2ED1C1219332A400461C9A /* Assets.xcassets in Resources */,
				214F419021995EDD00C922D1 /* README.md in Resources */,
				2103EF3B219951260028BC07 /* icon-success.png in Resources */,
				2103EF34219951260028BC07 /* LICENSE in Resources */,
				214F418F21995EDD00C922D1 /* LICENSE in Resources */,
				2112A28121AE91A200A2AB3B /* update_v1_0_1.sql in Resources */,
				2112A28021AE91A200A2AB3B /* update_v1_2_0.sql in Resources */,
				214F419321995EDD00C922D1 /* TGRImageViewController.xib in Resources */,
				2103EF37219951260028BC07 /* icon-error.png in Resources */,
				FB2ED1BF219332A300461C9A /* Main.storyboard in Resources */,
				2103EF36219951260028BC07 /* icon-info@2x.png in Resources */,
				2112A27F21AE91A200A2AB3B /* update_v1_1_0.sql in Resources */,
				2103EF3C219951260028BC07 /* README.md in Resources */,
				2103EF39219951260028BC07 /* icon-success@2x.png in Resources */,
			);
			runOnlyForDeploymentPostprocessing = 0;
		};
/* End PBXResourcesBuildPhase section */

/* Begin PBXShellScriptBuildPhase section */
		47C5A9320086E93CB1541355 /* [CP] Copy Pods Resources */ = {
			isa = PBXShellScriptBuildPhase;
			buildActionMask = 2147483647;
			files = (
			);
			inputFileListPaths = (
			);
			inputPaths = (
				"${PODS_ROOT}/Target Support Files/Pods-MVVMReactiveCocoaLearn/Pods-MVVMReactiveCocoaLearn-resources.sh",
				"${PODS_ROOT}/FormatterKit/Localizations/ar.lproj",
				"${PODS_ROOT}/FormatterKit/Localizations/ca.lproj",
				"${PODS_ROOT}/FormatterKit/Localizations/cs.lproj",
				"${PODS_ROOT}/FormatterKit/Localizations/da.lproj",
				"${PODS_ROOT}/FormatterKit/Localizations/de.lproj",
				"${PODS_ROOT}/FormatterKit/Localizations/el.lproj",
				"${PODS_ROOT}/FormatterKit/Localizations/en.lproj",
				"${PODS_ROOT}/FormatterKit/Localizations/es.lproj",
				"${PODS_ROOT}/FormatterKit/Localizations/fr.lproj",
				"${PODS_ROOT}/FormatterKit/Localizations/he.lproj",
				"${PODS_ROOT}/FormatterKit/Localizations/hu.lproj",
				"${PODS_ROOT}/FormatterKit/Localizations/id.lproj",
				"${PODS_ROOT}/FormatterKit/Localizations/it.lproj",
				"${PODS_ROOT}/FormatterKit/Localizations/ja.lproj",
				"${PODS_ROOT}/FormatterKit/Localizations/ko.lproj",
				"${PODS_ROOT}/FormatterKit/Localizations/ms.lproj",
				"${PODS_ROOT}/FormatterKit/Localizations/nb.lproj",
				"${PODS_ROOT}/FormatterKit/Localizations/nl.lproj",
				"${PODS_ROOT}/FormatterKit/Localizations/nn.lproj",
				"${PODS_ROOT}/FormatterKit/Localizations/pl.lproj",
				"${PODS_ROOT}/FormatterKit/Localizations/pt.lproj",
				"${PODS_ROOT}/FormatterKit/Localizations/pt_BR.lproj",
				"${PODS_ROOT}/FormatterKit/Localizations/ro.lproj",
				"${PODS_ROOT}/FormatterKit/Localizations/ru.lproj",
				"${PODS_ROOT}/FormatterKit/Localizations/sv.lproj",
				"${PODS_ROOT}/FormatterKit/Localizations/th.lproj",
				"${PODS_ROOT}/FormatterKit/Localizations/tr.lproj",
				"${PODS_ROOT}/FormatterKit/Localizations/uk.lproj",
				"${PODS_ROOT}/FormatterKit/Localizations/vi.lproj",
				"${PODS_ROOT}/FormatterKit/Localizations/zh-Hans.lproj",
				"${PODS_ROOT}/FormatterKit/Localizations/zh-Hant.lproj",
				"${PODS_ROOT}/IQKeyboardManager/IQKeyBoardManager/Resources/IQKeyboardManager.bundle",
				"${PODS_ROOT}/MJRefresh/MJRefresh/MJRefresh.bundle",
				"${PODS_ROOT}/OcticonsIOS/OcticonsIOS/octicons.ttf",
			);
			name = "[CP] Copy Pods Resources";
			outputFileListPaths = (
			);
			outputPaths = (
				"${TARGET_BUILD_DIR}/${UNLOCALIZED_RESOURCES_FOLDER_PATH}/ar.lproj",
				"${TARGET_BUILD_DIR}/${UNLOCALIZED_RESOURCES_FOLDER_PATH}/ca.lproj",
				"${TARGET_BUILD_DIR}/${UNLOCALIZED_RESOURCES_FOLDER_PATH}/cs.lproj",
				"${TARGET_BUILD_DIR}/${UNLOCALIZED_RESOURCES_FOLDER_PATH}/da.lproj",
				"${TARGET_BUILD_DIR}/${UNLOCALIZED_RESOURCES_FOLDER_PATH}/de.lproj",
				"${TARGET_BUILD_DIR}/${UNLOCALIZED_RESOURCES_FOLDER_PATH}/el.lproj",
				"${TARGET_BUILD_DIR}/${UNLOCALIZED_RESOURCES_FOLDER_PATH}/en.lproj",
				"${TARGET_BUILD_DIR}/${UNLOCALIZED_RESOURCES_FOLDER_PATH}/es.lproj",
				"${TARGET_BUILD_DIR}/${UNLOCALIZED_RESOURCES_FOLDER_PATH}/fr.lproj",
				"${TARGET_BUILD_DIR}/${UNLOCALIZED_RESOURCES_FOLDER_PATH}/he.lproj",
				"${TARGET_BUILD_DIR}/${UNLOCALIZED_RESOURCES_FOLDER_PATH}/hu.lproj",
				"${TARGET_BUILD_DIR}/${UNLOCALIZED_RESOURCES_FOLDER_PATH}/id.lproj",
				"${TARGET_BUILD_DIR}/${UNLOCALIZED_RESOURCES_FOLDER_PATH}/it.lproj",
				"${TARGET_BUILD_DIR}/${UNLOCALIZED_RESOURCES_FOLDER_PATH}/ja.lproj",
				"${TARGET_BUILD_DIR}/${UNLOCALIZED_RESOURCES_FOLDER_PATH}/ko.lproj",
				"${TARGET_BUILD_DIR}/${UNLOCALIZED_RESOURCES_FOLDER_PATH}/ms.lproj",
				"${TARGET_BUILD_DIR}/${UNLOCALIZED_RESOURCES_FOLDER_PATH}/nb.lproj",
				"${TARGET_BUILD_DIR}/${UNLOCALIZED_RESOURCES_FOLDER_PATH}/nl.lproj",
				"${TARGET_BUILD_DIR}/${UNLOCALIZED_RESOURCES_FOLDER_PATH}/nn.lproj",
				"${TARGET_BUILD_DIR}/${UNLOCALIZED_RESOURCES_FOLDER_PATH}/pl.lproj",
				"${TARGET_BUILD_DIR}/${UNLOCALIZED_RESOURCES_FOLDER_PATH}/pt.lproj",
				"${TARGET_BUILD_DIR}/${UNLOCALIZED_RESOURCES_FOLDER_PATH}/pt_BR.lproj",
				"${TARGET_BUILD_DIR}/${UNLOCALIZED_RESOURCES_FOLDER_PATH}/ro.lproj",
				"${TARGET_BUILD_DIR}/${UNLOCALIZED_RESOURCES_FOLDER_PATH}/ru.lproj",
				"${TARGET_BUILD_DIR}/${UNLOCALIZED_RESOURCES_FOLDER_PATH}/sv.lproj",
				"${TARGET_BUILD_DIR}/${UNLOCALIZED_RESOURCES_FOLDER_PATH}/th.lproj",
				"${TARGET_BUILD_DIR}/${UNLOCALIZED_RESOURCES_FOLDER_PATH}/tr.lproj",
				"${TARGET_BUILD_DIR}/${UNLOCALIZED_RESOURCES_FOLDER_PATH}/uk.lproj",
				"${TARGET_BUILD_DIR}/${UNLOCALIZED_RESOURCES_FOLDER_PATH}/vi.lproj",
				"${TARGET_BUILD_DIR}/${UNLOCALIZED_RESOURCES_FOLDER_PATH}/zh-Hans.lproj",
				"${TARGET_BUILD_DIR}/${UNLOCALIZED_RESOURCES_FOLDER_PATH}/zh-Hant.lproj",
				"${TARGET_BUILD_DIR}/${UNLOCALIZED_RESOURCES_FOLDER_PATH}/IQKeyboardManager.bundle",
				"${TARGET_BUILD_DIR}/${UNLOCALIZED_RESOURCES_FOLDER_PATH}/MJRefresh.bundle",
				"${TARGET_BUILD_DIR}/${UNLOCALIZED_RESOURCES_FOLDER_PATH}/octicons.ttf",
			);
			runOnlyForDeploymentPostprocessing = 0;
			shellPath = /bin/sh;
			shellScript = "\"${PODS_ROOT}/Target Support Files/Pods-MVVMReactiveCocoaLearn/Pods-MVVMReactiveCocoaLearn-resources.sh\"\n";
			showEnvVarsInLog = 0;
		};
		9895E413145B9716D605D684 /* [CP] Check Pods Manifest.lock */ = {
			isa = PBXShellScriptBuildPhase;
			buildActionMask = 2147483647;
			files = (
			);
			inputFileListPaths = (
			);
			inputPaths = (
				"${PODS_PODFILE_DIR_PATH}/Podfile.lock",
				"${PODS_ROOT}/Manifest.lock",
			);
			name = "[CP] Check Pods Manifest.lock";
			outputFileListPaths = (
			);
			outputPaths = (
				"$(DERIVED_FILE_DIR)/Pods-MVVMReactiveCocoaLearn-checkManifestLockResult.txt",
			);
			runOnlyForDeploymentPostprocessing = 0;
			shellPath = /bin/sh;
			shellScript = "diff \"${PODS_PODFILE_DIR_PATH}/Podfile.lock\" \"${PODS_ROOT}/Manifest.lock\" > /dev/null\nif [ $? != 0 ] ; then\n    # print error to STDERR\n    echo \"error: The sandbox is not in sync with the Podfile.lock. Run 'pod install' or update your CocoaPods installation.\" >&2\n    exit 1\nfi\n# This output is used by Xcode 'outputs' to avoid re-running this script phase.\necho \"SUCCESS\" > \"${SCRIPT_OUTPUT_FILE_0}\"\n";
			showEnvVarsInLog = 0;
		};
/* End PBXShellScriptBuildPhase section */

/* Begin PBXSourcesBuildPhase section */
		FB2ED1B0219332A200461C9A /* Sources */ = {
			isa = PBXSourcesBuildPhase;
			buildActionMask = 2147483647;
			files = (
				212BAEF821A50B9000845206 /* MRCLProfileViewController.m in Sources */,
				2148A62D21AFEE8700CE2E90 /* OCTRepository+MRCPersistence.m in Sources */,
				214F41972199641300C922D1 /* UIImage+MRCOcticons.m in Sources */,
				21508C2421953D8E007C83B9 /* MRCLRouter.m in Sources */,
				214F419421995EDD00C922D1 /* UIImage+AspectFit.m in Sources */,
				212BAED721A438F600845206 /* MRCLHomepageViewModel.m in Sources */,
				FB2ED1CF219449B900461C9A /* MRCLAppDelegate.m in Sources */,
				FB2ED1D521944C2700461C9A /* SSKeychain+MRCLUtil.m in Sources */,
				212BAEF521A50B3C00845206 /* MRCLExploreViewController.m in Sources */,
				FB2ED1BC219332A300461C9A /* ViewController.m in Sources */,
				2144002F21BE0E0C00CBEBD7 /* MRCLUserListCell.m in Sources */,
				212BAEE321A4FF7B00845206 /* MRCLExploreViewModel.m in Sources */,
				2184357221B8D1B7003DBE75 /* MRCLUserListViewModel.m in Sources */,
				2144003821BE5F4F00CBEBD7 /* OCTClient+MRCUser.m in Sources */,
				212BAEC821A438A400845206 /* MRCLTabBarViewModel.m in Sources */,
				21EAB8B921B0E08B008DFB43 /* MRCLUserListViewController.m in Sources */,
				21EA7B5721C10778003B12BC /* MRCLOwnedReposItemModel.m in Sources */,
				21BB620521C200D40010C2CD /* MRCLReposCell.m in Sources */,
				21508C2721953DDE007C83B9 /* MRCLViewController.m in Sources */,
				212BAEF221A50A9D00845206 /* MRCLReposViewController.m in Sources */,
				FB2ED1E021944D2C00461C9A /* MRCLRepositoryServiceImpl.m in Sources */,
				212BAEEC21A5095300845206 /* MRCLNewsViewController.m in Sources */,
				212BAEDA21A439E700845206 /* MRCLHomepageViewController.m in Sources */,
				2112A26921AE88EA00A2AB3B /* FMDatabaseQueue+MRCHelper.m in Sources */,
				2112A26221AE828D00A2AB3B /* MRCUtil.m in Sources */,
				2184358321B8FDC4003DBE75 /* MRCLUserListItemModel.m in Sources */,
				2112A25321AE7F3A00A2AB3B /* MRCLMemoryCache.m in Sources */,
				2103EF35219951260028BC07 /* TWMessageBarManager.m in Sources */,
				2103EF2521992BC00028BC07 /* MRCLDoubleTitleView.m in Sources */,
				2112A26521AE830E00A2AB3B /* OCTUser+MRCPersistence.m in Sources */,
				214F419121995EDD00C922D1 /* TGRImageViewController.m in Sources */,
				FB2ED1F2219484BE00461C9A /* MRCLNavigationControllerStack.m in Sources */,
				2144003421BE485B00CBEBD7 /* MRCLFollowButton.m in Sources */,
				FB2ED1C7219332A400461C9A /* main.m in Sources */,
				21508C2D219561A0007C83B9 /* MRCLNavigationController.m in Sources */,
				FB2ED1E321944D6900461C9A /* MRCLAppStoreServiceImpl.m in Sources */,
				FB2ED1ED21944E3700461C9A /* MRCLViewModelServicesImpl.m in Sources */,
				212BAEE621A500C200845206 /* MRCLProfileViewModel.m in Sources */,
				21EA7B4821C0F30B003B12BC /* MRCLOwnedReposViewModel.m in Sources */,
				212BAEE921A5092300845206 /* MRCLTableViewController.m in Sources */,
				FB2ED1EA21944E2000461C9A /* MRCLViewModel.m in Sources */,
				2148A61D21AFDC6900CE2E90 /* MRCLPublicReposViewController.m in Sources */,
				21508C302195650D007C83B9 /* MRCLLoginViewModel.m in Sources */,
				21508C2A219560EB007C83B9 /* MRCLTabBarController.m in Sources */,
				212BAEEF21A509B500845206 /* MRCLSegmentedControlController.m in Sources */,
				214F419221995EDD00C922D1 /* TGRImageZoomAnimationController.m in Sources */,
				212BAEDD21A4FE5200845206 /* MRCLNewsViewModel.m in Sources */,
				212BAEE021A4FF5A00845206 /* MRCLReposViewModel.m in Sources */,
				219678EA21BFA77000A5671C /* MRCLButton.m in Sources */,
				21508C3321956829007C83B9 /* MRCLLoginViewController.m in Sources */,
			);
			runOnlyForDeploymentPostprocessing = 0;
		};
/* End PBXSourcesBuildPhase section */

/* Begin PBXTargetDependency section */
		21E87C79219BFEE400E03DDF /* PBXTargetDependency */ = {
			isa = PBXTargetDependency;
			name = "AFNetworking iOS";
			targetProxy = 21E87C78219BFEE400E03DDF /* PBXContainerItemProxy */;
		};
		21E87C8A219BFEED00E03DDF /* PBXTargetDependency */ = {
			isa = PBXTargetDependency;
			name = "ISO8601DateFormatter iOS";
			targetProxy = 21E87C89219BFEED00E03DDF /* PBXContainerItemProxy */;
		};
		21E87C8E219BFEF600E03DDF /* PBXTargetDependency */ = {
			isa = PBXTargetDependency;
			name = "ReactiveCocoa-iOS";
			targetProxy = 21E87C8D219BFEF600E03DDF /* PBXContainerItemProxy */;
		};
		21E87C92219BFF0300E03DDF /* PBXTargetDependency */ = {
			isa = PBXTargetDependency;
			name = "OctoKit iOS";
			targetProxy = 21E87C91219BFF0300E03DDF /* PBXContainerItemProxy */;
		};
/* End PBXTargetDependency section */

/* Begin PBXVariantGroup section */
		FB2ED1BD219332A300461C9A /* Main.storyboard */ = {
			isa = PBXVariantGroup;
			children = (
				FB2ED1BE219332A300461C9A /* Base */,
			);
			name = Main.storyboard;
			sourceTree = "<group>";
		};
		FB2ED1C2219332A400461C9A /* LaunchScreen.storyboard */ = {
			isa = PBXVariantGroup;
			children = (
				FB2ED1C3219332A400461C9A /* Base */,
			);
			name = LaunchScreen.storyboard;
			sourceTree = "<group>";
		};
/* End PBXVariantGroup section */

/* Begin XCBuildConfiguration section */
		FB2ED1C8219332A400461C9A /* Debug */ = {
			isa = XCBuildConfiguration;
			buildSettings = {
				ALWAYS_SEARCH_USER_PATHS = NO;
				CLANG_ANALYZER_NONNULL = YES;
				CLANG_ANALYZER_NUMBER_OBJECT_CONVERSION = YES_AGGRESSIVE;
				CLANG_CXX_LANGUAGE_STANDARD = "gnu++14";
				CLANG_CXX_LIBRARY = "libc++";
				CLANG_ENABLE_MODULES = YES;
				CLANG_ENABLE_OBJC_ARC = YES;
				CLANG_ENABLE_OBJC_WEAK = YES;
				CLANG_WARN_BLOCK_CAPTURE_AUTORELEASING = YES;
				CLANG_WARN_BOOL_CONVERSION = YES;
				CLANG_WARN_COMMA = YES;
				CLANG_WARN_CONSTANT_CONVERSION = YES;
				CLANG_WARN_DEPRECATED_OBJC_IMPLEMENTATIONS = YES;
				CLANG_WARN_DIRECT_OBJC_ISA_USAGE = YES_ERROR;
				CLANG_WARN_DOCUMENTATION_COMMENTS = YES;
				CLANG_WARN_EMPTY_BODY = YES;
				CLANG_WARN_ENUM_CONVERSION = YES;
				CLANG_WARN_INFINITE_RECURSION = YES;
				CLANG_WARN_INT_CONVERSION = YES;
				CLANG_WARN_NON_LITERAL_NULL_CONVERSION = YES;
				CLANG_WARN_OBJC_IMPLICIT_RETAIN_SELF = YES;
				CLANG_WARN_OBJC_LITERAL_CONVERSION = YES;
				CLANG_WARN_OBJC_ROOT_CLASS = YES_ERROR;
				CLANG_WARN_RANGE_LOOP_ANALYSIS = YES;
				CLANG_WARN_STRICT_PROTOTYPES = YES;
				CLANG_WARN_SUSPICIOUS_MOVE = YES;
				CLANG_WARN_UNGUARDED_AVAILABILITY = YES_AGGRESSIVE;
				CLANG_WARN_UNREACHABLE_CODE = YES;
				CLANG_WARN__DUPLICATE_METHOD_MATCH = YES;
				CODE_SIGN_IDENTITY = "iPhone Developer";
				COPY_PHASE_STRIP = NO;
				DEBUG_INFORMATION_FORMAT = dwarf;
				ENABLE_STRICT_OBJC_MSGSEND = YES;
				ENABLE_TESTABILITY = YES;
				GCC_C_LANGUAGE_STANDARD = gnu11;
				GCC_DYNAMIC_NO_PIC = NO;
				GCC_NO_COMMON_BLOCKS = YES;
				GCC_OPTIMIZATION_LEVEL = 0;
				GCC_PRECOMPILE_PREFIX_HEADER = YES;
				GCC_PREFIX_HEADER = "MVVMReactiveCocoaLearn/MVVMReactiveCocoaLearn-Prefix.pch";
				GCC_PREPROCESSOR_DEFINITIONS = (
					"DEBUG=1",
					"$(inherited)",
				);
				GCC_WARN_64_TO_32_BIT_CONVERSION = YES;
				GCC_WARN_ABOUT_RETURN_TYPE = YES_ERROR;
				GCC_WARN_UNDECLARED_SELECTOR = YES;
				GCC_WARN_UNINITIALIZED_AUTOS = YES_AGGRESSIVE;
				GCC_WARN_UNUSED_FUNCTION = YES;
				GCC_WARN_UNUSED_VARIABLE = YES;
				IPHONEOS_DEPLOYMENT_TARGET = 12.1;
				MTL_ENABLE_DEBUG_INFO = INCLUDE_SOURCE;
				MTL_FAST_MATH = YES;
				ONLY_ACTIVE_ARCH = YES;
				SDKROOT = iphoneos;
			};
			name = Debug;
		};
		FB2ED1C9219332A400461C9A /* Release */ = {
			isa = XCBuildConfiguration;
			buildSettings = {
				ALWAYS_SEARCH_USER_PATHS = NO;
				CLANG_ANALYZER_NONNULL = YES;
				CLANG_ANALYZER_NUMBER_OBJECT_CONVERSION = YES_AGGRESSIVE;
				CLANG_CXX_LANGUAGE_STANDARD = "gnu++14";
				CLANG_CXX_LIBRARY = "libc++";
				CLANG_ENABLE_MODULES = YES;
				CLANG_ENABLE_OBJC_ARC = YES;
				CLANG_ENABLE_OBJC_WEAK = YES;
				CLANG_WARN_BLOCK_CAPTURE_AUTORELEASING = YES;
				CLANG_WARN_BOOL_CONVERSION = YES;
				CLANG_WARN_COMMA = YES;
				CLANG_WARN_CONSTANT_CONVERSION = YES;
				CLANG_WARN_DEPRECATED_OBJC_IMPLEMENTATIONS = YES;
				CLANG_WARN_DIRECT_OBJC_ISA_USAGE = YES_ERROR;
				CLANG_WARN_DOCUMENTATION_COMMENTS = YES;
				CLANG_WARN_EMPTY_BODY = YES;
				CLANG_WARN_ENUM_CONVERSION = YES;
				CLANG_WARN_INFINITE_RECURSION = YES;
				CLANG_WARN_INT_CONVERSION = YES;
				CLANG_WARN_NON_LITERAL_NULL_CONVERSION = YES;
				CLANG_WARN_OBJC_IMPLICIT_RETAIN_SELF = YES;
				CLANG_WARN_OBJC_LITERAL_CONVERSION = YES;
				CLANG_WARN_OBJC_ROOT_CLASS = YES_ERROR;
				CLANG_WARN_RANGE_LOOP_ANALYSIS = YES;
				CLANG_WARN_STRICT_PROTOTYPES = YES;
				CLANG_WARN_SUSPICIOUS_MOVE = YES;
				CLANG_WARN_UNGUARDED_AVAILABILITY = YES_AGGRESSIVE;
				CLANG_WARN_UNREACHABLE_CODE = YES;
				CLANG_WARN__DUPLICATE_METHOD_MATCH = YES;
				CODE_SIGN_IDENTITY = "iPhone Developer";
				COPY_PHASE_STRIP = NO;
				DEBUG_INFORMATION_FORMAT = "dwarf-with-dsym";
				ENABLE_NS_ASSERTIONS = NO;
				ENABLE_STRICT_OBJC_MSGSEND = YES;
				GCC_C_LANGUAGE_STANDARD = gnu11;
				GCC_NO_COMMON_BLOCKS = YES;
				GCC_PRECOMPILE_PREFIX_HEADER = YES;
				GCC_PREFIX_HEADER = "MVVMReactiveCocoaLearn/MVVMReactiveCocoaLearn-Prefix.pch";
				GCC_WARN_64_TO_32_BIT_CONVERSION = YES;
				GCC_WARN_ABOUT_RETURN_TYPE = YES_ERROR;
				GCC_WARN_UNDECLARED_SELECTOR = YES;
				GCC_WARN_UNINITIALIZED_AUTOS = YES_AGGRESSIVE;
				GCC_WARN_UNUSED_FUNCTION = YES;
				GCC_WARN_UNUSED_VARIABLE = YES;
				IPHONEOS_DEPLOYMENT_TARGET = 12.1;
				MTL_ENABLE_DEBUG_INFO = NO;
				MTL_FAST_MATH = YES;
				SDKROOT = iphoneos;
				VALIDATE_PRODUCT = YES;
			};
			name = Release;
		};
		FB2ED1CB219332A400461C9A /* Debug */ = {
			isa = XCBuildConfiguration;
			baseConfigurationReference = C9F3C1A806AF3FF9A4C003A9 /* Pods-MVVMReactiveCocoaLearn.debug.xcconfig */;
			buildSettings = {
				ASSETCATALOG_COMPILER_APPICON_NAME = AppIcon;
				CODE_SIGN_STYLE = Automatic;
				DEVELOPMENT_TEAM = G3Y4Q83FQK;
				INFOPLIST_FILE = MVVMReactiveCocoaLearn/Info.plist;
				IPHONEOS_DEPLOYMENT_TARGET = 8.0;
				LD_RUNPATH_SEARCH_PATHS = (
					"$(inherited)",
					"@executable_path/Frameworks",
				);
				PRODUCT_BUNDLE_IDENTIFIER = com.hao.MVVMReactiveCocoaLearn;
				PRODUCT_NAME = "$(TARGET_NAME)";
				TARGETED_DEVICE_FAMILY = "1,2";
			};
			name = Debug;
		};
		FB2ED1CC219332A400461C9A /* Release */ = {
			isa = XCBuildConfiguration;
			baseConfigurationReference = 317C69558C61EE2ED0B3EA85 /* Pods-MVVMReactiveCocoaLearn.release.xcconfig */;
			buildSettings = {
				ASSETCATALOG_COMPILER_APPICON_NAME = AppIcon;
				CODE_SIGN_STYLE = Automatic;
				DEVELOPMENT_TEAM = G3Y4Q83FQK;
				INFOPLIST_FILE = MVVMReactiveCocoaLearn/Info.plist;
				IPHONEOS_DEPLOYMENT_TARGET = 8.0;
				LD_RUNPATH_SEARCH_PATHS = (
					"$(inherited)",
					"@executable_path/Frameworks",
				);
				PRODUCT_BUNDLE_IDENTIFIER = com.hao.MVVMReactiveCocoaLearn;
				PRODUCT_NAME = "$(TARGET_NAME)";
				TARGETED_DEVICE_FAMILY = "1,2";
			};
			name = Release;
		};
/* End XCBuildConfiguration section */

/* Begin XCConfigurationList section */
		FB2ED1AF219332A200461C9A /* Build configuration list for PBXProject "MVVMReactiveCocoaLearn" */ = {
			isa = XCConfigurationList;
			buildConfigurations = (
				FB2ED1C8219332A400461C9A /* Debug */,
				FB2ED1C9219332A400461C9A /* Release */,
			);
			defaultConfigurationIsVisible = 0;
			defaultConfigurationName = Release;
		};
		FB2ED1CA219332A400461C9A /* Build configuration list for PBXNativeTarget "MVVMReactiveCocoaLearn" */ = {
			isa = XCConfigurationList;
			buildConfigurations = (
				FB2ED1CB219332A400461C9A /* Debug */,
				FB2ED1CC219332A400461C9A /* Release */,
			);
			defaultConfigurationIsVisible = 0;
			defaultConfigurationName = Release;
		};
/* End XCConfigurationList section */
	};
	rootObject = FB2ED1AC219332A200461C9A /* Project object */;
}
